// !$*UTF8*$!
{
	archiveVersion = 1;
	classes = {
	};
	objectVersion = 47;
	objects = {

/* Begin PBXBuildFile section */
		63021CA02902D6020001E3E0 /* libarchive.a in Frameworks */ = {isa = PBXBuildFile; fileRef = 63021C9F2902D6020001E3E0 /* libarchive.a */; };
		63021CA42902D6790001E3E0 /* libish_emu.a in Frameworks */ = {isa = PBXBuildFile; fileRef = 63021CA12902D6790001E3E0 /* libish_emu.a */; };
		63021CA52902D6790001E3E0 /* libish.a in Frameworks */ = {isa = PBXBuildFile; fileRef = 63021CA22902D6790001E3E0 /* libish.a */; };
		63021CA62902D6790001E3E0 /* libfakefs.a in Frameworks */ = {isa = PBXBuildFile; fileRef = 63021CA32902D6790001E3E0 /* libfakefs.a */; };
		BB0F552E239F8A790032A2A1 /* Icons.plist in Resources */ = {isa = PBXBuildFile; fileRef = BB0F552D239F8A790032A2A1 /* Icons.plist */; };
		BB10E5D0248DC21D009C7A74 /* Roots.storyboard in Resources */ = {isa = PBXBuildFile; fileRef = BB10E5CF248DC21D009C7A74 /* Roots.storyboard */; };
		BB235537235D49B300139E00 /* CoreLocation.framework in Frameworks */ = {isa = PBXBuildFile; fileRef = BB235536235D49B300139E00 /* CoreLocation.framework */; };
		BB28C79526896B1F00BDC834 /* TerminalViewController.m in Sources */ = {isa = PBXBuildFile; fileRef = BB792B571F96D90D00FFB7A4 /* TerminalViewController.m */; };
		BB28C79626896B1F00BDC834 /* ProgressReportViewController.m in Sources */ = {isa = PBXBuildFile; fileRef = BBAEE33B249BDADC0069EBB5 /* ProgressReportViewController.m */; };
		BB28C79726896B1F00BDC834 /* TerminalView.m in Sources */ = {isa = PBXBuildFile; fileRef = BB78AB2A1FAD22440013E782 /* TerminalView.m */; };
		BB28C79826896B1F00BDC834 /* ScrollbarView.m in Sources */ = {isa = PBXBuildFile; fileRef = BB23F58C231E1D1400585522 /* ScrollbarView.m */; };
		BB28C79926896B1F00BDC834 /* DelayedUITask.m in Sources */ = {isa = PBXBuildFile; fileRef = BB455E101FB37F6600AFB48B /* DelayedUITask.m */; };
		BB28C79A26896B1F00BDC834 /* Terminal.m in Sources */ = {isa = PBXBuildFile; fileRef = BB0FC5911F980A6B00803272 /* Terminal.m */; };
		BB28C79D26896B1F00BDC834 /* SceneDelegate.m in Sources */ = {isa = PBXBuildFile; fileRef = BBCC9D952365430800424C83 /* SceneDelegate.m */; };
		BB28C79F26896B1F00BDC834 /* PassthroughView.m in Sources */ = {isa = PBXBuildFile; fileRef = BB149E7F256DC97C00F57815 /* PassthroughView.m */; };
		BB28C7A126896B1F00BDC834 /* RootsTableViewController.m in Sources */ = {isa = PBXBuildFile; fileRef = BB10E5D2248DCFEA009C7A74 /* RootsTableViewController.m */; };
		BB28C7A426896B1F00BDC834 /* AppGroup.m in Sources */ = {isa = PBXBuildFile; fileRef = BB9C7B84240A240E00F5D4F0 /* AppGroup.m */; };
		BB28C7A526896B1F00BDC834 /* UIApplication+OpenURL.m in Sources */ = {isa = PBXBuildFile; fileRef = BBFB557B215878C600DFE6DE /* UIApplication+OpenURL.m */; };
		BB28C7A726896B1F00BDC834 /* UIViewController+Extras.m in Sources */ = {isa = PBXBuildFile; fileRef = BBFB557021586C4800DFE6DE /* UIViewController+Extras.m */; };
		BB28C7A826896B1F00BDC834 /* NSObject+SaneKVO.m in Sources */ = {isa = PBXBuildFile; fileRef = BBCED896255BB65A00CA0701 /* NSObject+SaneKVO.m */; };
		BB28C7AE26896C1D00BDC834 /* libiSHApp.a in Frameworks */ = {isa = PBXBuildFile; fileRef = BBEF191E26806364001225BD /* libiSHApp.a */; };
		BB28C7B226896C4600BDC834 /* main.m in Sources */ = {isa = PBXBuildFile; fileRef = BB792B621F96D90D00FFB7A4 /* main.m */; };
		BB28C7BA268975AA00BDC834 /* iOSFS.m in Sources */ = {isa = PBXBuildFile; fileRef = 408A2639236440F8008A4E81 /* iOSFS.m */; };
		BB28C7BB268975AE00BDC834 /* LocationDevice.m in Sources */ = {isa = PBXBuildFile; fileRef = BB235533235D488400139E00 /* LocationDevice.m */; };
		BB28C7BC268975B000BDC834 /* PasteboardDevice.m in Sources */ = {isa = PBXBuildFile; fileRef = 650B337322EA235C00B4C03E /* PasteboardDevice.m */; };
		BB28C7BF2689799800BDC834 /* Roots.m in Sources */ = {isa = PBXBuildFile; fileRef = BB10E5CD248DBE66009C7A74 /* Roots.m */; };
		BB2B4DAD231D998300CB578B /* term.js in Resources */ = {isa = PBXBuildFile; fileRef = BB4A539C1FAA490C00A72ACE /* term.js */; };
		BB2B4DAE231D998300CB578B /* term.css in Resources */ = {isa = PBXBuildFile; fileRef = BB4A53AF1FAA787900A72ACE /* term.css */; };
		BB2B4DAF231D998300CB578B /* term.html in Resources */ = {isa = PBXBuildFile; fileRef = BB4A53A91FAA496700A72ACE /* term.html */; };
		BB38599327BCEE6B000A1082 /* notsurewhatthisis.png in Resources */ = {isa = PBXBuildFile; fileRef = BB0B88202589734A00208600 /* notsurewhatthisis.png */; };
		BB38599427BCEE6B000A1082 /* pydann1.png in Resources */ = {isa = PBXBuildFile; fileRef = BB0F553123A0AB9B0032A2A1 /* pydann1.png */; };
		BB38599527BCEE6B000A1082 /* pydann2.png in Resources */ = {isa = PBXBuildFile; fileRef = BB0F553523A0ACFC0032A2A1 /* pydann2.png */; };
		BB38599627BCEE6B000A1082 /* idollarhash.png in Resources */ = {isa = PBXBuildFile; fileRef = BBC8297D24EDAC11009D042C /* idollarhash.png */; };
		BB38599727BCEE6B000A1082 /* freeiosterminal.png in Resources */ = {isa = PBXBuildFile; fileRef = BB38597B27BCEC78000A1082 /* freeiosterminal.png */; };
		BB38599827BCEE6B000A1082 /* metal.png in Resources */ = {isa = PBXBuildFile; fileRef = BBC8298624EE5853009D042C /* metal.png */; };
		BB38599927BCEE6B000A1082 /* dollarblock1.png in Resources */ = {isa = PBXBuildFile; fileRef = BB38597927BCEC78000A1082 /* dollarblock1.png */; };
		BB38599A27BCEE6B000A1082 /* is.png in Resources */ = {isa = PBXBuildFile; fileRef = BB38598327BCEC83000A1082 /* is.png */; };
		BB38599B27BCEE6B000A1082 /* rgb.png in Resources */ = {isa = PBXBuildFile; fileRef = BB0B88052589661A00208600 /* rgb.png */; };
		BB38599C27BCEE6B000A1082 /* sprite64.png in Resources */ = {isa = PBXBuildFile; fileRef = BB0B880E2589662200208600 /* sprite64.png */; };
		BB38599D27BCEE6B000A1082 /* icon.png in Resources */ = {isa = PBXBuildFile; fileRef = BB1B9A4223A5E96900414052 /* icon.png */; };
		BB38599E27BCEE6B000A1082 /* circular.png in Resources */ = {isa = PBXBuildFile; fileRef = BB38597627BCEC70000A1082 /* circular.png */; };
		BB38599F27BCEE6B000A1082 /* icon1337.png in Resources */ = {isa = PBXBuildFile; fileRef = BB4A922D24EDA461002F5A96 /* icon1337.png */; };
		BB3859A027BCEE6B000A1082 /* 3d.png in Resources */ = {isa = PBXBuildFile; fileRef = BB4A923124EDA560002F5A96 /* 3d.png */; };
		BB3859A127BCEE6B000A1082 /* iinhash.png in Resources */ = {isa = PBXBuildFile; fileRef = BBC8298024EDACBB009D042C /* iinhash.png */; };
		BB3859A227BCEE6B000A1082 /* dollarblock2.png in Resources */ = {isa = PBXBuildFile; fileRef = BB38597A27BCEC78000A1082 /* dollarblock2.png */; };
		BB3859A327BCEE6B000A1082 /* ihash1.png in Resources */ = {isa = PBXBuildFile; fileRef = BB0F553323A0AC760032A2A1 /* ihash1.png */; };
		BB3859A427BCEE6B000A1082 /* ishcolontildehash.png in Resources */ = {isa = PBXBuildFile; fileRef = BB38598227BCEC83000A1082 /* ishcolontildehash.png */; };
		BB3859A527BCEE6B000A1082 /* reworked.png in Resources */ = {isa = PBXBuildFile; fileRef = BB0B88172589662A00208600 /* reworked.png */; };
		BB3859A627BCEE6B000A1082 /* colontildehash.png in Resources */ = {isa = PBXBuildFile; fileRef = BB4A922F24EDA55C002F5A96 /* colontildehash.png */; };
		BB3859A727BCEE6B000A1082 /* uninspired.png in Resources */ = {isa = PBXBuildFile; fileRef = BB0F552F239F8B360032A2A1 /* uninspired.png */; };
		BB6DB261216435340047A611 /* libiconv.tbd in Frameworks */ = {isa = PBXBuildFile; fileRef = BB6DB260216435330047A611 /* libiconv.tbd */; };
		BB77636726E486A7008DB44A /* fakefs.c in Sources */ = {isa = PBXBuildFile; fileRef = BB10E5C2248DBA7B009C7A74 /* fakefs.c */; };
		BBA8E2C1236FF5EA00515F76 /* SystemConfiguration.framework in Frameworks */ = {isa = PBXBuildFile; fileRef = BBA8E2C0236FF5EA00515F76 /* SystemConfiguration.framework */; };
		BBAEE339249B58E80069EBB5 /* libbz2.tbd in Frameworks */ = {isa = PBXBuildFile; fileRef = BBAEE338249B58E80069EBB5 /* libbz2.tbd */; };
		BBBF7B5C2415CDBB00EC4C14 /* Settings.bundle in Resources */ = {isa = PBXBuildFile; fileRef = BBBF7B5B2415CDBB00EC4C14 /* Settings.bundle */; };
		BBC3863F276817AD00CC8C2E /* CurrentRoot.m in Sources */ = {isa = PBXBuildFile; fileRef = BB565EA32734F1FB00C93EAE /* CurrentRoot.m */; };
		BBECF3BC26913F1600DEC937 /* AppDelegate.m in Sources */ = {isa = PBXBuildFile; fileRef = BB792B541F96D90D00FFB7A4 /* AppDelegate.m */; };
		BBFB55662158644C00DFE6DE /* libresolv.tbd in Frameworks */ = {isa = PBXBuildFile; fileRef = BBFB55652158644C00DFE6DE /* libresolv.tbd */; };
/* End PBXBuildFile section */

/* Begin PBXContainerItemProxy section */
		BBEF1928268063FD001225BD /* PBXContainerItemProxy */ = {
			isa = PBXContainerItemProxy;
			containerPortal = BB792B461F96D8E000FFB7A4 /* Project object */;
			proxyType = 1;
			remoteGlobalIDString = BBEF191D26806364001225BD;
			remoteInfo = libiSH;
		};
/* End PBXContainerItemProxy section */

/* Begin PBXFileReference section */
		408A2639236440F8008A4E81 /* iOSFS.m */ = {isa = PBXFileReference; lastKnownFileType = sourcecode.c.objc; path = iOSFS.m; sourceTree = "<group>"; };
		408A263B23644102008A4E81 /* iOSFS.h */ = {isa = PBXFileReference; lastKnownFileType = sourcecode.c.h; path = iOSFS.h; sourceTree = "<group>"; };
		49302D8D277669D300C9885A /* ish.c */ = {isa = PBXFileReference; lastKnownFileType = sourcecode.c.c; path = ish.c; sourceTree = "<group>"; };
		49302D972777FAB400C9885A /* ish.h */ = {isa = PBXFileReference; lastKnownFileType = sourcecode.c.h; path = ish.h; sourceTree = "<group>"; };
		497F6BDA254E5C0D00C82F46 /* mem.h */ = {isa = PBXFileReference; fileEncoding = 4; lastKnownFileType = sourcecode.c.h; path = mem.h; sourceTree = "<group>"; };
		497F6BDB254E5C0D00C82F46 /* path.c */ = {isa = PBXFileReference; fileEncoding = 4; lastKnownFileType = sourcecode.c.c; path = path.c; sourceTree = "<group>"; };
		497F6BDC254E5C0D00C82F46 /* dev.c */ = {isa = PBXFileReference; fileEncoding = 4; lastKnownFileType = sourcecode.c.c; path = dev.c; sourceTree = "<group>"; };
		497F6BDD254E5C0D00C82F46 /* proc.c */ = {isa = PBXFileReference; fileEncoding = 4; lastKnownFileType = sourcecode.c.c; path = proc.c; sourceTree = "<group>"; };
		497F6BDE254E5C0D00C82F46 /* dev.h */ = {isa = PBXFileReference; fileEncoding = 4; lastKnownFileType = sourcecode.c.h; path = dev.h; sourceTree = "<group>"; };
		497F6BDF254E5C0D00C82F46 /* path.h */ = {isa = PBXFileReference; fileEncoding = 4; lastKnownFileType = sourcecode.c.h; path = path.h; sourceTree = "<group>"; };
		497F6BE0254E5C0D00C82F46 /* mount.c */ = {isa = PBXFileReference; fileEncoding = 4; lastKnownFileType = sourcecode.c.c; path = mount.c; sourceTree = "<group>"; };
		497F6BE1254E5C0D00C82F46 /* sock.h */ = {isa = PBXFileReference; fileEncoding = 4; lastKnownFileType = sourcecode.c.h; path = sock.h; sourceTree = "<group>"; };
		497F6BE2254E5C0D00C82F46 /* tty.c */ = {isa = PBXFileReference; fileEncoding = 4; lastKnownFileType = sourcecode.c.c; path = tty.c; sourceTree = "<group>"; };
		497F6BE3254E5C0D00C82F46 /* stat.c */ = {isa = PBXFileReference; fileEncoding = 4; lastKnownFileType = sourcecode.c.c; path = stat.c; sourceTree = "<group>"; };
		497F6BE4254E5C0D00C82F46 /* generic.c */ = {isa = PBXFileReference; fileEncoding = 4; lastKnownFileType = sourcecode.c.c; path = generic.c; sourceTree = "<group>"; };
		497F6BE5254E5C0D00C82F46 /* tty.h */ = {isa = PBXFileReference; fileEncoding = 4; lastKnownFileType = sourcecode.c.h; path = tty.h; sourceTree = "<group>"; };
		497F6BE6254E5C0D00C82F46 /* inode.c */ = {isa = PBXFileReference; fileEncoding = 4; lastKnownFileType = sourcecode.c.c; path = inode.c; sourceTree = "<group>"; };
		497F6BE7254E5C0D00C82F46 /* fd.c */ = {isa = PBXFileReference; fileEncoding = 4; lastKnownFileType = sourcecode.c.c; path = fd.c; sourceTree = "<group>"; };
		497F6BE8254E5C0D00C82F46 /* fake.c */ = {isa = PBXFileReference; fileEncoding = 4; lastKnownFileType = sourcecode.c.c; path = fake.c; sourceTree = "<group>"; };
		497F6BE9254E5C0D00C82F46 /* lock.c */ = {isa = PBXFileReference; fileEncoding = 4; lastKnownFileType = sourcecode.c.c; path = lock.c; sourceTree = "<group>"; };
		497F6BEA254E5C0D00C82F46 /* fake-migrate.c */ = {isa = PBXFileReference; fileEncoding = 4; lastKnownFileType = sourcecode.c.c; path = "fake-migrate.c"; sourceTree = "<group>"; };
		497F6BEB254E5C0D00C82F46 /* tmp.c */ = {isa = PBXFileReference; fileEncoding = 4; lastKnownFileType = sourcecode.c.c; path = tmp.c; sourceTree = "<group>"; };
		497F6BEC254E5C0D00C82F46 /* fake.h */ = {isa = PBXFileReference; fileEncoding = 4; lastKnownFileType = sourcecode.c.h; path = fake.h; sourceTree = "<group>"; };
		497F6BED254E5C0D00C82F46 /* sqlutil.h */ = {isa = PBXFileReference; fileEncoding = 4; lastKnownFileType = sourcecode.c.h; path = sqlutil.h; sourceTree = "<group>"; };
		497F6BEE254E5C0D00C82F46 /* poll.h */ = {isa = PBXFileReference; fileEncoding = 4; lastKnownFileType = sourcecode.c.h; path = poll.h; sourceTree = "<group>"; };
		497F6BEF254E5C0D00C82F46 /* fake-rebuild.c */ = {isa = PBXFileReference; fileEncoding = 4; lastKnownFileType = sourcecode.c.c; path = "fake-rebuild.c"; sourceTree = "<group>"; };
		497F6BF0254E5C0D00C82F46 /* fd.h */ = {isa = PBXFileReference; fileEncoding = 4; lastKnownFileType = sourcecode.c.h; path = fd.h; sourceTree = "<group>"; };
		497F6BF2254E5C0D00C82F46 /* pid.c */ = {isa = PBXFileReference; fileEncoding = 4; lastKnownFileType = sourcecode.c.c; path = pid.c; sourceTree = "<group>"; };
		497F6BF3254E5C0D00C82F46 /* root.c */ = {isa = PBXFileReference; fileEncoding = 4; lastKnownFileType = sourcecode.c.c; path = root.c; sourceTree = "<group>"; };
		497F6BF4254E5C0D00C82F46 /* entry.c */ = {isa = PBXFileReference; fileEncoding = 4; lastKnownFileType = sourcecode.c.c; path = entry.c; sourceTree = "<group>"; };
		497F6BF5254E5C0E00C82F46 /* proc.h */ = {isa = PBXFileReference; fileEncoding = 4; lastKnownFileType = sourcecode.c.h; path = proc.h; sourceTree = "<group>"; };
		497F6BF6254E5C0E00C82F46 /* poll.c */ = {isa = PBXFileReference; fileEncoding = 4; lastKnownFileType = sourcecode.c.c; path = poll.c; sourceTree = "<group>"; };
		497F6BF7254E5C0E00C82F46 /* sock.c */ = {isa = PBXFileReference; fileEncoding = 4; lastKnownFileType = sourcecode.c.c; path = sock.c; sourceTree = "<group>"; };
		497F6BF8254E5C0E00C82F46 /* real.h */ = {isa = PBXFileReference; fileEncoding = 4; lastKnownFileType = sourcecode.c.h; path = real.h; sourceTree = "<group>"; };
		497F6BF9254E5C0E00C82F46 /* dir.c */ = {isa = PBXFileReference; fileEncoding = 4; lastKnownFileType = sourcecode.c.c; path = dir.c; sourceTree = "<group>"; };
		497F6BFA254E5C0E00C82F46 /* sockrestart.h */ = {isa = PBXFileReference; fileEncoding = 4; lastKnownFileType = sourcecode.c.h; path = sockrestart.h; sourceTree = "<group>"; };
		497F6BFB254E5C0E00C82F46 /* sockrestart.c */ = {isa = PBXFileReference; fileEncoding = 4; lastKnownFileType = sourcecode.c.c; path = sockrestart.c; sourceTree = "<group>"; };
		497F6BFC254E5C0E00C82F46 /* pipe.c */ = {isa = PBXFileReference; fileEncoding = 4; lastKnownFileType = sourcecode.c.c; path = pipe.c; sourceTree = "<group>"; };
		497F6BFD254E5C0E00C82F46 /* inode.h */ = {isa = PBXFileReference; fileEncoding = 4; lastKnownFileType = sourcecode.c.h; path = inode.h; sourceTree = "<group>"; };
		497F6BFE254E5C0E00C82F46 /* adhoc.c */ = {isa = PBXFileReference; fileEncoding = 4; lastKnownFileType = sourcecode.c.c; path = adhoc.c; sourceTree = "<group>"; };
		497F6BFF254E5C0E00C82F46 /* mem.c */ = {isa = PBXFileReference; fileEncoding = 4; lastKnownFileType = sourcecode.c.c; path = mem.c; sourceTree = "<group>"; };
		497F6C00254E5C0E00C82F46 /* dyndev.h */ = {isa = PBXFileReference; fileEncoding = 4; lastKnownFileType = sourcecode.c.h; path = dyndev.h; sourceTree = "<group>"; };
		497F6C01254E5C0E00C82F46 /* devices.h */ = {isa = PBXFileReference; fileEncoding = 4; lastKnownFileType = sourcecode.c.h; path = devices.h; sourceTree = "<group>"; };
		497F6C02254E5C0E00C82F46 /* stat.h */ = {isa = PBXFileReference; fileEncoding = 4; lastKnownFileType = sourcecode.c.h; path = stat.h; sourceTree = "<group>"; };
		497F6C03254E5C0E00C82F46 /* dyndev.c */ = {isa = PBXFileReference; fileEncoding = 4; lastKnownFileType = sourcecode.c.c; path = dyndev.c; sourceTree = "<group>"; };
		497F6C04254E5C0E00C82F46 /* real.c */ = {isa = PBXFileReference; fileEncoding = 4; lastKnownFileType = sourcecode.c.c; path = real.c; sourceTree = "<group>"; };
		497F6C05254E5C0E00C82F46 /* tty-real.c */ = {isa = PBXFileReference; fileEncoding = 4; lastKnownFileType = sourcecode.c.c; path = "tty-real.c"; sourceTree = "<group>"; };
		497F6C06254E5C0E00C82F46 /* pty.c */ = {isa = PBXFileReference; fileEncoding = 4; lastKnownFileType = sourcecode.c.c; path = pty.c; sourceTree = "<group>"; };
		497F6C28254E5C4F00C82F46 /* control.S */ = {isa = PBXFileReference; fileEncoding = 4; lastKnownFileType = sourcecode.asm; path = control.S; sourceTree = "<group>"; };
		497F6C29254E5C4F00C82F46 /* misc.S */ = {isa = PBXFileReference; fileEncoding = 4; lastKnownFileType = sourcecode.asm; path = misc.S; sourceTree = "<group>"; };
		497F6C2A254E5C4F00C82F46 /* entry.S */ = {isa = PBXFileReference; fileEncoding = 4; lastKnownFileType = sourcecode.asm; path = entry.S; sourceTree = "<group>"; };
		497F6C2B254E5C4F00C82F46 /* math.S */ = {isa = PBXFileReference; fileEncoding = 4; lastKnownFileType = sourcecode.asm; path = math.S; sourceTree = "<group>"; };
		497F6C2C254E5C4F00C82F46 /* memory.S */ = {isa = PBXFileReference; fileEncoding = 4; lastKnownFileType = sourcecode.asm; path = memory.S; sourceTree = "<group>"; };
		497F6C2D254E5C4F00C82F46 /* gadgets.h */ = {isa = PBXFileReference; fileEncoding = 4; lastKnownFileType = sourcecode.c.h; path = gadgets.h; sourceTree = "<group>"; };
		497F6C2E254E5C4F00C82F46 /* string.S */ = {isa = PBXFileReference; fileEncoding = 4; lastKnownFileType = sourcecode.asm; path = string.S; sourceTree = "<group>"; };
		497F6C2F254E5C4F00C82F46 /* bits.S */ = {isa = PBXFileReference; fileEncoding = 4; lastKnownFileType = sourcecode.asm; path = bits.S; sourceTree = "<group>"; };
		497F6C30254E5C4F00C82F46 /* gadgets-generic.h */ = {isa = PBXFileReference; fileEncoding = 4; lastKnownFileType = sourcecode.c.h; path = "gadgets-generic.h"; sourceTree = "<group>"; };
		497F6C32254E5C4F00C82F46 /* control.S */ = {isa = PBXFileReference; fileEncoding = 4; lastKnownFileType = sourcecode.asm; path = control.S; sourceTree = "<group>"; };
		497F6C33254E5C4F00C82F46 /* misc.S */ = {isa = PBXFileReference; fileEncoding = 4; lastKnownFileType = sourcecode.asm; path = misc.S; sourceTree = "<group>"; };
		497F6C34254E5C4F00C82F46 /* entry.S */ = {isa = PBXFileReference; fileEncoding = 4; lastKnownFileType = sourcecode.asm; path = entry.S; sourceTree = "<group>"; };
		497F6C35254E5C4F00C82F46 /* math.S */ = {isa = PBXFileReference; fileEncoding = 4; lastKnownFileType = sourcecode.asm; path = math.S; sourceTree = "<group>"; };
		497F6C36254E5C4F00C82F46 /* memory.S */ = {isa = PBXFileReference; fileEncoding = 4; lastKnownFileType = sourcecode.asm; path = memory.S; sourceTree = "<group>"; };
		497F6C37254E5C4F00C82F46 /* math.h */ = {isa = PBXFileReference; fileEncoding = 4; lastKnownFileType = sourcecode.c.h; path = math.h; sourceTree = "<group>"; };
		497F6C38254E5C4F00C82F46 /* gadgets.h */ = {isa = PBXFileReference; fileEncoding = 4; lastKnownFileType = sourcecode.c.h; path = gadgets.h; sourceTree = "<group>"; };
		497F6C39254E5C4F00C82F46 /* string.S */ = {isa = PBXFileReference; fileEncoding = 4; lastKnownFileType = sourcecode.asm; path = string.S; sourceTree = "<group>"; };
		497F6C3A254E5C4F00C82F46 /* bits.S */ = {isa = PBXFileReference; fileEncoding = 4; lastKnownFileType = sourcecode.asm; path = bits.S; sourceTree = "<group>"; };
		497F6C3B254E5C4F00C82F46 /* helpers.c */ = {isa = PBXFileReference; fileEncoding = 4; lastKnownFileType = sourcecode.c.c; path = helpers.c; sourceTree = "<group>"; };
		497F6C3C254E5C4F00C82F46 /* offsets.c */ = {isa = PBXFileReference; fileEncoding = 4; lastKnownFileType = sourcecode.c.c; path = offsets.c; sourceTree = "<group>"; };
		497F6C3D254E5C4F00C82F46 /* gen.c */ = {isa = PBXFileReference; fileEncoding = 4; lastKnownFileType = sourcecode.c.c; path = gen.c; sourceTree = "<group>"; };
		497F6C3E254E5C4F00C82F46 /* gen.h */ = {isa = PBXFileReference; fileEncoding = 4; lastKnownFileType = sourcecode.c.h; path = gen.h; sourceTree = "<group>"; };
		497F6C3F254E5C4F00C82F46 /* frame.h */ = {isa = PBXFileReference; fileEncoding = 4; lastKnownFileType = sourcecode.c.h; path = frame.h; sourceTree = "<group>"; };
		497F6C40254E5C4F00C82F46 /* jit.c */ = {isa = PBXFileReference; fileEncoding = 4; lastKnownFileType = sourcecode.c.c; path = jit.c; sourceTree = "<group>"; };
		497F6C41254E5C4F00C82F46 /* jit.h */ = {isa = PBXFileReference; fileEncoding = 4; lastKnownFileType = sourcecode.c.h; path = jit.h; sourceTree = "<group>"; };
		497F6C58254E5C7E00C82F46 /* cpuid.h */ = {isa = PBXFileReference; fileEncoding = 4; lastKnownFileType = sourcecode.c.h; path = cpuid.h; sourceTree = "<group>"; };
		497F6C59254E5C7E00C82F46 /* tlb.c */ = {isa = PBXFileReference; fileEncoding = 4; lastKnownFileType = sourcecode.c.c; path = tlb.c; sourceTree = "<group>"; };
		497F6C5A254E5C7E00C82F46 /* float80-test.c */ = {isa = PBXFileReference; fileEncoding = 4; lastKnownFileType = sourcecode.c.c; path = "float80-test.c"; sourceTree = "<group>"; };
		497F6C5B254E5C7E00C82F46 /* float80.h */ = {isa = PBXFileReference; fileEncoding = 4; lastKnownFileType = sourcecode.c.h; path = float80.h; sourceTree = "<group>"; };
		497F6C5C254E5C7E00C82F46 /* interrupt.h */ = {isa = PBXFileReference; fileEncoding = 4; lastKnownFileType = sourcecode.c.h; path = interrupt.h; sourceTree = "<group>"; };
		497F6C5D254E5C7E00C82F46 /* fpu.c */ = {isa = PBXFileReference; fileEncoding = 4; lastKnownFileType = sourcecode.c.c; path = fpu.c; sourceTree = "<group>"; };
		497F6C5E254E5C7E00C82F46 /* decode.h */ = {isa = PBXFileReference; fileEncoding = 4; lastKnownFileType = sourcecode.c.h; path = decode.h; sourceTree = "<group>"; };
		497F6C5F254E5C7F00C82F46 /* vec.h */ = {isa = PBXFileReference; fileEncoding = 4; lastKnownFileType = sourcecode.c.h; path = vec.h; sourceTree = "<group>"; };
		497F6C60254E5C7F00C82F46 /* memory.c */ = {isa = PBXFileReference; fileEncoding = 4; lastKnownFileType = sourcecode.c.c; path = memory.c; sourceTree = "<group>"; };
		497F6C61254E5C7F00C82F46 /* memory.h */ = {isa = PBXFileReference; fileEncoding = 4; lastKnownFileType = sourcecode.c.h; path = memory.h; sourceTree = "<group>"; };
		497F6C62254E5C7F00C82F46 /* cpu.h */ = {isa = PBXFileReference; fileEncoding = 4; lastKnownFileType = sourcecode.c.h; path = cpu.h; sourceTree = "<group>"; };
		497F6C63254E5C7F00C82F46 /* fpu.h */ = {isa = PBXFileReference; fileEncoding = 4; lastKnownFileType = sourcecode.c.h; path = fpu.h; sourceTree = "<group>"; };
		497F6C64254E5C7F00C82F46 /* vec.c */ = {isa = PBXFileReference; fileEncoding = 4; lastKnownFileType = sourcecode.c.c; path = vec.c; sourceTree = "<group>"; };
		497F6C65254E5C7F00C82F46 /* regid.h */ = {isa = PBXFileReference; fileEncoding = 4; lastKnownFileType = sourcecode.c.h; path = regid.h; sourceTree = "<group>"; };
		497F6C66254E5C7F00C82F46 /* float80.c */ = {isa = PBXFileReference; fileEncoding = 4; lastKnownFileType = sourcecode.c.c; path = float80.c; sourceTree = "<group>"; };
		497F6C67254E5C7F00C82F46 /* interp.c */ = {isa = PBXFileReference; fileEncoding = 4; lastKnownFileType = sourcecode.c.c; path = interp.c; sourceTree = "<group>"; };
		497F6C69254E5C7F00C82F46 /* fpu.h */ = {isa = PBXFileReference; fileEncoding = 4; lastKnownFileType = sourcecode.c.h; path = fpu.h; sourceTree = "<group>"; };
		497F6C6A254E5C7F00C82F46 /* modrm.h */ = {isa = PBXFileReference; fileEncoding = 4; lastKnownFileType = sourcecode.c.h; path = modrm.h; sourceTree = "<group>"; };
		497F6C6B254E5C7F00C82F46 /* tlb.h */ = {isa = PBXFileReference; fileEncoding = 4; lastKnownFileType = sourcecode.c.h; path = tlb.h; sourceTree = "<group>"; };
		497F6C77254E5C9700C82F46 /* mm.h */ = {isa = PBXFileReference; fileEncoding = 4; lastKnownFileType = sourcecode.c.h; path = mm.h; sourceTree = "<group>"; };
		497F6C78254E5C9700C82F46 /* task.c */ = {isa = PBXFileReference; fileEncoding = 4; lastKnownFileType = sourcecode.c.c; path = task.c; sourceTree = "<group>"; };
		497F6C79254E5C9700C82F46 /* vdso.c */ = {isa = PBXFileReference; fileEncoding = 4; lastKnownFileType = sourcecode.c.c; path = vdso.c; sourceTree = "<group>"; };
		497F6C7A254E5C9700C82F46 /* ipc.c */ = {isa = PBXFileReference; fileEncoding = 4; lastKnownFileType = sourcecode.c.c; path = ipc.c; sourceTree = "<group>"; };
		497F6C7B254E5C9700C82F46 /* calls.h */ = {isa = PBXFileReference; fileEncoding = 4; lastKnownFileType = sourcecode.c.h; path = calls.h; sourceTree = "<group>"; };
		497F6C7C254E5C9700C82F46 /* signal.h */ = {isa = PBXFileReference; fileEncoding = 4; lastKnownFileType = sourcecode.c.h; path = signal.h; sourceTree = "<group>"; };
		497F6C7D254E5C9700C82F46 /* epoll.c */ = {isa = PBXFileReference; fileEncoding = 4; lastKnownFileType = sourcecode.c.c; path = epoll.c; sourceTree = "<group>"; };
		497F6C7E254E5C9700C82F46 /* random.c */ = {isa = PBXFileReference; fileEncoding = 4; lastKnownFileType = sourcecode.c.c; path = random.c; sourceTree = "<group>"; };
		497F6C7F254E5C9700C82F46 /* init.c */ = {isa = PBXFileReference; fileEncoding = 4; lastKnownFileType = sourcecode.c.c; path = init.c; sourceTree = "<group>"; };
		497F6C80254E5C9700C82F46 /* errno.h */ = {isa = PBXFileReference; fileEncoding = 4; lastKnownFileType = sourcecode.c.h; path = errno.h; sourceTree = "<group>"; };
		497F6C81254E5C9700C82F46 /* exec.c */ = {isa = PBXFileReference; fileEncoding = 4; lastKnownFileType = sourcecode.c.c; path = exec.c; sourceTree = "<group>"; };
		497F6C82254E5C9700C82F46 /* elf.h */ = {isa = PBXFileReference; fileEncoding = 4; lastKnownFileType = sourcecode.c.h; path = elf.h; sourceTree = "<group>"; };
		497F6C83254E5C9700C82F46 /* log.c */ = {isa = PBXFileReference; fileEncoding = 4; lastKnownFileType = sourcecode.c.c; path = log.c; sourceTree = "<group>"; };
		497F6C84254E5C9700C82F46 /* vdso.h */ = {isa = PBXFileReference; fileEncoding = 4; lastKnownFileType = sourcecode.c.h; path = vdso.h; sourceTree = "<group>"; };
		497F6C85254E5C9700C82F46 /* misc.c */ = {isa = PBXFileReference; fileEncoding = 4; lastKnownFileType = sourcecode.c.c; path = misc.c; sourceTree = "<group>"; };
		497F6C86254E5C9700C82F46 /* time.h */ = {isa = PBXFileReference; fileEncoding = 4; lastKnownFileType = sourcecode.c.h; path = time.h; sourceTree = "<group>"; };
		497F6C87254E5C9700C82F46 /* signal.c */ = {isa = PBXFileReference; fileEncoding = 4; lastKnownFileType = sourcecode.c.c; path = signal.c; sourceTree = "<group>"; };
		497F6C88254E5C9700C82F46 /* fs.h */ = {isa = PBXFileReference; fileEncoding = 4; lastKnownFileType = sourcecode.c.h; path = fs.h; sourceTree = "<group>"; };
		497F6C89254E5C9700C82F46 /* time.c */ = {isa = PBXFileReference; fileEncoding = 4; lastKnownFileType = sourcecode.c.c; path = time.c; sourceTree = "<group>"; };
		497F6C8A254E5C9700C82F46 /* ptrace.c */ = {isa = PBXFileReference; fileEncoding = 4; lastKnownFileType = sourcecode.c.c; path = ptrace.c; sourceTree = "<group>"; };
		497F6C8B254E5C9700C82F46 /* user.c */ = {isa = PBXFileReference; fileEncoding = 4; lastKnownFileType = sourcecode.c.c; path = user.c; sourceTree = "<group>"; };
		497F6C8C254E5C9700C82F46 /* ptrace.h */ = {isa = PBXFileReference; fileEncoding = 4; lastKnownFileType = sourcecode.c.h; path = ptrace.h; sourceTree = "<group>"; };
		497F6C8D254E5C9700C82F46 /* fork.c */ = {isa = PBXFileReference; fileEncoding = 4; lastKnownFileType = sourcecode.c.c; path = fork.c; sourceTree = "<group>"; };
		497F6C8E254E5C9700C82F46 /* tls.c */ = {isa = PBXFileReference; fileEncoding = 4; lastKnownFileType = sourcecode.c.c; path = tls.c; sourceTree = "<group>"; };
		497F6C8F254E5C9700C82F46 /* group.c */ = {isa = PBXFileReference; fileEncoding = 4; lastKnownFileType = sourcecode.c.c; path = group.c; sourceTree = "<group>"; };
		497F6C90254E5C9700C82F46 /* exit.c */ = {isa = PBXFileReference; fileEncoding = 4; lastKnownFileType = sourcecode.c.c; path = exit.c; sourceTree = "<group>"; };
		497F6C91254E5C9800C82F46 /* errno.c */ = {isa = PBXFileReference; fileEncoding = 4; lastKnownFileType = sourcecode.c.c; path = errno.c; sourceTree = "<group>"; };
		497F6C92254E5C9800C82F46 /* personality.h */ = {isa = PBXFileReference; fileEncoding = 4; lastKnownFileType = sourcecode.c.h; path = personality.h; sourceTree = "<group>"; };
		497F6C93254E5C9800C82F46 /* uname.c */ = {isa = PBXFileReference; fileEncoding = 4; lastKnownFileType = sourcecode.c.c; path = uname.c; sourceTree = "<group>"; };
		497F6C94254E5C9800C82F46 /* poll.c */ = {isa = PBXFileReference; fileEncoding = 4; lastKnownFileType = sourcecode.c.c; path = poll.c; sourceTree = "<group>"; };
		497F6C95254E5C9800C82F46 /* eventfd.c */ = {isa = PBXFileReference; fileEncoding = 4; lastKnownFileType = sourcecode.c.c; path = eventfd.c; sourceTree = "<group>"; };
		497F6C96254E5C9800C82F46 /* fs_info.c */ = {isa = PBXFileReference; fileEncoding = 4; lastKnownFileType = sourcecode.c.c; path = fs_info.c; sourceTree = "<group>"; };
		497F6C97254E5C9800C82F46 /* init.h */ = {isa = PBXFileReference; fileEncoding = 4; lastKnownFileType = sourcecode.c.h; path = init.h; sourceTree = "<group>"; };
		497F6C98254E5C9800C82F46 /* fs.c */ = {isa = PBXFileReference; fileEncoding = 4; lastKnownFileType = sourcecode.c.c; path = fs.c; sourceTree = "<group>"; };
		497F6C99254E5C9800C82F46 /* getset.c */ = {isa = PBXFileReference; fileEncoding = 4; lastKnownFileType = sourcecode.c.c; path = getset.c; sourceTree = "<group>"; };
		497F6C9A254E5C9800C82F46 /* futex.h */ = {isa = PBXFileReference; fileEncoding = 4; lastKnownFileType = sourcecode.c.h; path = futex.h; sourceTree = "<group>"; };
		497F6C9B254E5C9800C82F46 /* futex.c */ = {isa = PBXFileReference; fileEncoding = 4; lastKnownFileType = sourcecode.c.c; path = futex.c; sourceTree = "<group>"; };
		497F6C9C254E5C9800C82F46 /* task.h */ = {isa = PBXFileReference; fileEncoding = 4; lastKnownFileType = sourcecode.c.h; path = task.h; sourceTree = "<group>"; };
		497F6C9D254E5C9800C82F46 /* mmap.c */ = {isa = PBXFileReference; fileEncoding = 4; lastKnownFileType = sourcecode.c.c; path = mmap.c; sourceTree = "<group>"; };
		497F6C9E254E5C9800C82F46 /* random.h */ = {isa = PBXFileReference; fileEncoding = 4; lastKnownFileType = sourcecode.c.h; path = random.h; sourceTree = "<group>"; };
		497F6C9F254E5C9800C82F46 /* calls.c */ = {isa = PBXFileReference; fileEncoding = 4; lastKnownFileType = sourcecode.c.c; path = calls.c; sourceTree = "<group>"; };
		497F6CA0254E5C9800C82F46 /* resource.c */ = {isa = PBXFileReference; fileEncoding = 4; lastKnownFileType = sourcecode.c.c; path = resource.c; sourceTree = "<group>"; };
		497F6CA1254E5C9800C82F46 /* resource.h */ = {isa = PBXFileReference; fileEncoding = 4; lastKnownFileType = sourcecode.c.h; path = resource.h; sourceTree = "<group>"; };
		497F6CC2254E5CB300C82F46 /* platform.h */ = {isa = PBXFileReference; fileEncoding = 4; lastKnownFileType = sourcecode.c.h; path = platform.h; sourceTree = "<group>"; };
		497F6CC3254E5CB300C82F46 /* darwin.c */ = {isa = PBXFileReference; fileEncoding = 4; lastKnownFileType = sourcecode.c.c; path = darwin.c; sourceTree = "<group>"; };
		497F6CC4254E5CB300C82F46 /* linux.c */ = {isa = PBXFileReference; fileEncoding = 4; lastKnownFileType = sourcecode.c.c; path = linux.c; sourceTree = "<group>"; };
		497F6CCB254E5CC800C82F46 /* fifo.h */ = {isa = PBXFileReference; fileEncoding = 4; lastKnownFileType = sourcecode.c.h; path = fifo.h; sourceTree = "<group>"; };
		497F6CCC254E5CC800C82F46 /* sync.h */ = {isa = PBXFileReference; fileEncoding = 4; lastKnownFileType = sourcecode.c.h; path = sync.h; sourceTree = "<group>"; };
		497F6CCD254E5CC800C82F46 /* timer.c */ = {isa = PBXFileReference; fileEncoding = 4; lastKnownFileType = sourcecode.c.c; path = timer.c; sourceTree = "<group>"; };
		497F6CCE254E5CC800C82F46 /* refcount.h */ = {isa = PBXFileReference; fileEncoding = 4; lastKnownFileType = sourcecode.c.h; path = refcount.h; sourceTree = "<group>"; };
		497F6CCF254E5CC800C82F46 /* fifo.c */ = {isa = PBXFileReference; fileEncoding = 4; lastKnownFileType = sourcecode.c.c; path = fifo.c; sourceTree = "<group>"; };
		497F6CD0254E5CC800C82F46 /* list.h */ = {isa = PBXFileReference; fileEncoding = 4; lastKnownFileType = sourcecode.c.h; path = list.h; sourceTree = "<group>"; };
		497F6CD1254E5CC800C82F46 /* timer.h */ = {isa = PBXFileReference; fileEncoding = 4; lastKnownFileType = sourcecode.c.h; path = timer.h; sourceTree = "<group>"; };
		497F6CD2254E5CC800C82F46 /* sync.c */ = {isa = PBXFileReference; fileEncoding = 4; lastKnownFileType = sourcecode.c.c; path = sync.c; sourceTree = "<group>"; };
		497F6CD3254E5CC800C82F46 /* bits.h */ = {isa = PBXFileReference; fileEncoding = 4; lastKnownFileType = sourcecode.c.h; path = bits.h; sourceTree = "<group>"; };
		63021C9F2902D6020001E3E0 /* libarchive.a */ = {isa = PBXFileReference; lastKnownFileType = archive.ar; name = libarchive.a; path = ish_resources/libarchive.a; sourceTree = "<group>"; };
		63021CA12902D6790001E3E0 /* libish_emu.a */ = {isa = PBXFileReference; lastKnownFileType = archive.ar; name = libish_emu.a; path = ish_resources/libish_emu.a; sourceTree = "<group>"; };
		63021CA22902D6790001E3E0 /* libish.a */ = {isa = PBXFileReference; lastKnownFileType = archive.ar; name = libish.a; path = ish_resources/libish.a; sourceTree = "<group>"; };
		63021CA32902D6790001E3E0 /* libfakefs.a */ = {isa = PBXFileReference; lastKnownFileType = archive.ar; name = libfakefs.a; path = ish_resources/libfakefs.a; sourceTree = "<group>"; };
		650B337222EA235C00B4C03E /* PasteboardDevice.h */ = {isa = PBXFileReference; fileEncoding = 4; lastKnownFileType = sourcecode.c.h; path = PasteboardDevice.h; sourceTree = "<group>"; };
		650B337322EA235C00B4C03E /* PasteboardDevice.m */ = {isa = PBXFileReference; fileEncoding = 4; lastKnownFileType = sourcecode.c.objc; path = PasteboardDevice.m; sourceTree = "<group>"; };
		BB0B848E2586A4CF00208600 /* XcodeDefault.xcconfig */ = {isa = PBXFileReference; lastKnownFileType = text.xcconfig; path = XcodeDefault.xcconfig; sourceTree = "<group>"; };
		BB0B859B2586F13200208600 /* XcodeDebug.xcconfig */ = {isa = PBXFileReference; lastKnownFileType = text.xcconfig; path = XcodeDebug.xcconfig; sourceTree = "<group>"; };
		BB0B859C2586F19000208600 /* XcodeRelease.xcconfig */ = {isa = PBXFileReference; lastKnownFileType = text.xcconfig; path = XcodeRelease.xcconfig; sourceTree = "<group>"; };
		BB0B85A42586F1CB00208600 /* ProjectDebug.xcconfig */ = {isa = PBXFileReference; lastKnownFileType = text.xcconfig; path = ProjectDebug.xcconfig; sourceTree = "<group>"; };
		BB0B85A52586F1E100208600 /* ProjectRelease.xcconfig */ = {isa = PBXFileReference; lastKnownFileType = text.xcconfig; path = ProjectRelease.xcconfig; sourceTree = "<group>"; };
		BB0B85AD2586F3EB00208600 /* Project.xcconfig */ = {isa = PBXFileReference; lastKnownFileType = text.xcconfig; path = Project.xcconfig; sourceTree = "<group>"; };
		BB0B86CD2586FD8800208600 /* App.xcconfig */ = {isa = PBXFileReference; lastKnownFileType = text.xcconfig; path = App.xcconfig; sourceTree = "<group>"; };
		BB0B86D52587009D00208600 /* iOS.xcconfig */ = {isa = PBXFileReference; lastKnownFileType = text.xcconfig; path = iOS.xcconfig; sourceTree = "<group>"; };
		BB0B88052589661A00208600 /* rgb.png */ = {isa = PBXFileReference; lastKnownFileType = image.png; path = rgb.png; sourceTree = "<group>"; };
		BB0B880E2589662200208600 /* sprite64.png */ = {isa = PBXFileReference; lastKnownFileType = image.png; path = sprite64.png; sourceTree = "<group>"; };
		BB0B88172589662A00208600 /* reworked.png */ = {isa = PBXFileReference; lastKnownFileType = image.png; path = reworked.png; sourceTree = "<group>"; };
		BB0B88202589734A00208600 /* notsurewhatthisis.png */ = {isa = PBXFileReference; lastKnownFileType = image.png; path = notsurewhatthisis.png; sourceTree = "<group>"; };
		BB0F552D239F8A790032A2A1 /* Icons.plist */ = {isa = PBXFileReference; lastKnownFileType = text.plist.xml; path = Icons.plist; sourceTree = "<group>"; };
		BB0F552F239F8B360032A2A1 /* uninspired.png */ = {isa = PBXFileReference; lastKnownFileType = image.png; path = uninspired.png; sourceTree = "<group>"; };
		BB0F553123A0AB9B0032A2A1 /* pydann1.png */ = {isa = PBXFileReference; lastKnownFileType = image.png; path = pydann1.png; sourceTree = "<group>"; };
		BB0F553323A0AC760032A2A1 /* ihash1.png */ = {isa = PBXFileReference; lastKnownFileType = image.png; path = ihash1.png; sourceTree = "<group>"; };
		BB0F553523A0ACFC0032A2A1 /* pydann2.png */ = {isa = PBXFileReference; lastKnownFileType = image.png; path = pydann2.png; sourceTree = "<group>"; };
		BB0FC5901F980A6B00803272 /* Terminal.h */ = {isa = PBXFileReference; lastKnownFileType = sourcecode.c.h; path = Terminal.h; sourceTree = "<group>"; };
		BB0FC5911F980A6B00803272 /* Terminal.m */ = {isa = PBXFileReference; lastKnownFileType = sourcecode.c.objc; path = Terminal.m; sourceTree = "<group>"; };
		BB10E5C2248DBA7B009C7A74 /* fakefs.c */ = {isa = PBXFileReference; fileEncoding = 4; lastKnownFileType = sourcecode.c.c; name = fakefs.c; path = tools/fakefs.c; sourceTree = SOURCE_ROOT; };
		BB10E5CC248DBE66009C7A74 /* Roots.h */ = {isa = PBXFileReference; lastKnownFileType = sourcecode.c.h; path = Roots.h; sourceTree = "<group>"; };
		BB10E5CD248DBE66009C7A74 /* Roots.m */ = {isa = PBXFileReference; lastKnownFileType = sourcecode.c.objc; path = Roots.m; sourceTree = "<group>"; };
		BB10E5CF248DC21D009C7A74 /* Roots.storyboard */ = {isa = PBXFileReference; lastKnownFileType = file.storyboard; path = Roots.storyboard; sourceTree = "<group>"; };
		BB10E5D1248DCFEA009C7A74 /* RootsTableViewController.h */ = {isa = PBXFileReference; lastKnownFileType = sourcecode.c.h; path = RootsTableViewController.h; sourceTree = "<group>"; };
		BB10E5D2248DCFEA009C7A74 /* RootsTableViewController.m */ = {isa = PBXFileReference; lastKnownFileType = sourcecode.c.objc; path = RootsTableViewController.m; sourceTree = "<group>"; };
		BB149E7E256DC97C00F57815 /* PassthroughView.h */ = {isa = PBXFileReference; lastKnownFileType = sourcecode.c.h; path = PassthroughView.h; sourceTree = "<group>"; };
		BB149E7F256DC97C00F57815 /* PassthroughView.m */ = {isa = PBXFileReference; lastKnownFileType = sourcecode.c.objc; path = PassthroughView.m; sourceTree = "<group>"; };
		BB1B9A4223A5E96900414052 /* icon.png */ = {isa = PBXFileReference; lastKnownFileType = image.png; name = icon.png; path = app/Icons/icon.png; sourceTree = SOURCE_ROOT; };
		BB21A18C268951CA00BD19B4 /* NotLinux.xcconfig */ = {isa = PBXFileReference; lastKnownFileType = text.xcconfig; path = NotLinux.xcconfig; sourceTree = "<group>"; };
		BB235533235D488400139E00 /* LocationDevice.m */ = {isa = PBXFileReference; lastKnownFileType = sourcecode.c.objc; path = LocationDevice.m; sourceTree = "<group>"; };
		BB235535235D489400139E00 /* LocationDevice.h */ = {isa = PBXFileReference; lastKnownFileType = sourcecode.c.h; path = LocationDevice.h; sourceTree = "<group>"; };
		BB235536235D49B300139E00 /* CoreLocation.framework */ = {isa = PBXFileReference; lastKnownFileType = wrapper.framework; name = CoreLocation.framework; path = System/Library/Frameworks/CoreLocation.framework; sourceTree = SDKROOT; };
		BB23F58B231E1D1400585522 /* ScrollbarView.h */ = {isa = PBXFileReference; lastKnownFileType = sourcecode.c.h; path = ScrollbarView.h; sourceTree = "<group>"; };
		BB23F58C231E1D1400585522 /* ScrollbarView.m */ = {isa = PBXFileReference; lastKnownFileType = sourcecode.c.objc; path = ScrollbarView.m; sourceTree = "<group>"; };
		BB28C7522689522700BDC834 /* ProjectReleaseLinux.xcconfig */ = {isa = PBXFileReference; lastKnownFileType = text.xcconfig; path = ProjectReleaseLinux.xcconfig; sourceTree = "<group>"; };
		BB28C7532689522C00BDC834 /* ProjectDebugLinux.xcconfig */ = {isa = PBXFileReference; lastKnownFileType = text.xcconfig; path = ProjectDebugLinux.xcconfig; sourceTree = "<group>"; };
		BB28C755268956C900BDC834 /* Foundation.framework */ = {isa = PBXFileReference; lastKnownFileType = wrapper.framework; name = Foundation.framework; path = Platforms/iPhoneOS.platform/Developer/SDKs/iPhoneOS15.0.sdk/System/Library/Frameworks/Foundation.framework; sourceTree = DEVELOPER_DIR; };
		BB38597627BCEC70000A1082 /* circular.png */ = {isa = PBXFileReference; lastKnownFileType = image.png; path = circular.png; sourceTree = "<group>"; };
		BB38597927BCEC78000A1082 /* dollarblock1.png */ = {isa = PBXFileReference; lastKnownFileType = image.png; path = dollarblock1.png; sourceTree = "<group>"; };
		BB38597A27BCEC78000A1082 /* dollarblock2.png */ = {isa = PBXFileReference; lastKnownFileType = image.png; path = dollarblock2.png; sourceTree = "<group>"; };
		BB38597B27BCEC78000A1082 /* freeiosterminal.png */ = {isa = PBXFileReference; lastKnownFileType = image.png; path = freeiosterminal.png; sourceTree = "<group>"; };
		BB38598227BCEC83000A1082 /* ishcolontildehash.png */ = {isa = PBXFileReference; lastKnownFileType = image.png; path = ishcolontildehash.png; sourceTree = "<group>"; };
		BB38598327BCEC83000A1082 /* is.png */ = {isa = PBXFileReference; lastKnownFileType = image.png; path = is.png; sourceTree = "<group>"; };
		BB455E0F1FB37F6600AFB48B /* DelayedUITask.h */ = {isa = PBXFileReference; lastKnownFileType = sourcecode.c.h; path = DelayedUITask.h; sourceTree = "<group>"; };
		BB455E101FB37F6600AFB48B /* DelayedUITask.m */ = {isa = PBXFileReference; lastKnownFileType = sourcecode.c.objc; path = DelayedUITask.m; sourceTree = "<group>"; };
		BB4A539C1FAA490C00A72ACE /* term.js */ = {isa = PBXFileReference; fileEncoding = 4; lastKnownFileType = sourcecode.javascript; path = term.js; sourceTree = "<group>"; };
		BB4A53A91FAA496700A72ACE /* term.html */ = {isa = PBXFileReference; fileEncoding = 4; lastKnownFileType = text.html; path = term.html; sourceTree = "<group>"; };
		BB4A53AF1FAA787900A72ACE /* term.css */ = {isa = PBXFileReference; fileEncoding = 4; lastKnownFileType = text.css; path = term.css; sourceTree = "<group>"; };
		BB4A922D24EDA461002F5A96 /* icon1337.png */ = {isa = PBXFileReference; lastKnownFileType = image.png; path = icon1337.png; sourceTree = "<group>"; };
		BB4A922F24EDA55C002F5A96 /* colontildehash.png */ = {isa = PBXFileReference; lastKnownFileType = image.png; path = colontildehash.png; sourceTree = "<group>"; };
		BB4A923124EDA560002F5A96 /* 3d.png */ = {isa = PBXFileReference; lastKnownFileType = image.png; path = 3d.png; sourceTree = "<group>"; };
		BB565EA32734F1FB00C93EAE /* CurrentRoot.m */ = {isa = PBXFileReference; lastKnownFileType = sourcecode.c.objc; path = CurrentRoot.m; sourceTree = "<group>"; };
		BB565EA52734F22D00C93EAE /* CurrentRoot.h */ = {isa = PBXFileReference; lastKnownFileType = sourcecode.c.h; path = CurrentRoot.h; sourceTree = "<group>"; };
		BB6DB260216435330047A611 /* libiconv.tbd */ = {isa = PBXFileReference; lastKnownFileType = "sourcecode.text-based-dylib-definition"; name = libiconv.tbd; path = usr/lib/libiconv.tbd; sourceTree = SDKROOT; };
		BB78AB291FAD22440013E782 /* TerminalView.h */ = {isa = PBXFileReference; lastKnownFileType = sourcecode.c.h; path = TerminalView.h; sourceTree = "<group>"; };
		BB78AB2A1FAD22440013E782 /* TerminalView.m */ = {isa = PBXFileReference; lastKnownFileType = sourcecode.c.objc; path = TerminalView.m; sourceTree = "<group>"; };
		BB792B501F96D90D00FFB7A4 /* iSH.app */ = {isa = PBXFileReference; explicitFileType = wrapper.application; includeInIndex = 0; path = iSH.app; sourceTree = BUILT_PRODUCTS_DIR; };
		BB792B531F96D90D00FFB7A4 /* AppDelegate.h */ = {isa = PBXFileReference; lastKnownFileType = sourcecode.c.h; path = AppDelegate.h; sourceTree = "<group>"; };
		BB792B541F96D90D00FFB7A4 /* AppDelegate.m */ = {isa = PBXFileReference; lastKnownFileType = sourcecode.c.objc; path = AppDelegate.m; sourceTree = "<group>"; };
		BB792B561F96D90D00FFB7A4 /* TerminalViewController.h */ = {isa = PBXFileReference; lastKnownFileType = sourcecode.c.h; path = TerminalViewController.h; sourceTree = "<group>"; };
		BB792B571F96D90D00FFB7A4 /* TerminalViewController.m */ = {isa = PBXFileReference; lastKnownFileType = sourcecode.c.objc; path = TerminalViewController.m; sourceTree = "<group>"; };
		BB792B611F96D90D00FFB7A4 /* Info.plist */ = {isa = PBXFileReference; lastKnownFileType = text.plist.xml; path = Info.plist; sourceTree = "<group>"; };
		BB792B621F96D90D00FFB7A4 /* main.m */ = {isa = PBXFileReference; lastKnownFileType = sourcecode.c.objc; path = main.m; sourceTree = "<group>"; };
		BB7D93352087C2880008DA78 /* xX_main_Xx.h */ = {isa = PBXFileReference; lastKnownFileType = sourcecode.c.h; path = xX_main_Xx.h; sourceTree = "<group>"; };
		BB7D933B2087C2880008DA78 /* misc.h */ = {isa = PBXFileReference; lastKnownFileType = sourcecode.c.h; path = misc.h; sourceTree = "<group>"; };
		BB7D93812087C2890008DA78 /* debug.h */ = {isa = PBXFileReference; lastKnownFileType = sourcecode.c.h; path = debug.h; sourceTree = "<group>"; };
		BB7D93822087C2890008DA78 /* main.c */ = {isa = PBXFileReference; lastKnownFileType = sourcecode.c.c; path = main.c; sourceTree = "<group>"; };
		BB88F4A4215476BA00A341FD /* iSH.entitlements */ = {isa = PBXFileReference; lastKnownFileType = text.plist.entitlements; path = iSH.entitlements; sourceTree = "<group>"; };
		BB9C7B84240A240E00F5D4F0 /* AppGroup.m */ = {isa = PBXFileReference; lastKnownFileType = sourcecode.c.objc; path = AppGroup.m; sourceTree = "<group>"; };
		BB9C7B86240A29DE00F5D4F0 /* AppGroup.h */ = {isa = PBXFileReference; lastKnownFileType = sourcecode.c.h; path = AppGroup.h; sourceTree = "<group>"; };
		BB9C7B88240A343400F5D4F0 /* iSH.xcconfig */ = {isa = PBXFileReference; lastKnownFileType = text.xcconfig; name = iSH.xcconfig; path = app/iSH.xcconfig; sourceTree = "<group>"; };
		BBA8E2C0236FF5EA00515F76 /* SystemConfiguration.framework */ = {isa = PBXFileReference; lastKnownFileType = wrapper.framework; name = SystemConfiguration.framework; path = System/Library/Frameworks/SystemConfiguration.framework; sourceTree = SDKROOT; };
		BBAEE338249B58E80069EBB5 /* libbz2.tbd */ = {isa = PBXFileReference; lastKnownFileType = "sourcecode.text-based-dylib-definition"; name = libbz2.tbd; path = usr/lib/libbz2.tbd; sourceTree = SDKROOT; };
		BBAEE33A249BDADC0069EBB5 /* ProgressReportViewController.h */ = {isa = PBXFileReference; lastKnownFileType = sourcecode.c.h; path = ProgressReportViewController.h; sourceTree = "<group>"; };
		BBAEE33B249BDADC0069EBB5 /* ProgressReportViewController.m */ = {isa = PBXFileReference; lastKnownFileType = sourcecode.c.objc; path = ProgressReportViewController.m; sourceTree = "<group>"; };
		BBBF7B5B2415CDBB00EC4C14 /* Settings.bundle */ = {isa = PBXFileReference; lastKnownFileType = "wrapper.plug-in"; path = Settings.bundle; sourceTree = "<group>"; };
		BBBF9CBB27C217A6002A30F7 /* PasteboardDeviceLinux.c */ = {isa = PBXFileReference; lastKnownFileType = sourcecode.c.c; path = PasteboardDeviceLinux.c; sourceTree = "<group>"; };
		BBBF9CC027C441C0002A30F7 /* fix_path.h */ = {isa = PBXFileReference; lastKnownFileType = sourcecode.c.h; path = fix_path.h; sourceTree = "<group>"; };
		BBBF9CC127C441C0002A30F7 /* fake-db.h */ = {isa = PBXFileReference; lastKnownFileType = sourcecode.c.h; path = "fake-db.h"; sourceTree = "<group>"; };
		BBBF9CC227C448D5002A30F7 /* fake-db.c */ = {isa = PBXFileReference; lastKnownFileType = sourcecode.c.c; path = "fake-db.c"; sourceTree = "<group>"; };
		BBC8297D24EDAC11009D042C /* idollarhash.png */ = {isa = PBXFileReference; lastKnownFileType = image.png; path = idollarhash.png; sourceTree = "<group>"; };
		BBC8298024EDACBB009D042C /* iinhash.png */ = {isa = PBXFileReference; lastKnownFileType = image.png; path = iinhash.png; sourceTree = "<group>"; };
		BBC8298624EE5853009D042C /* metal.png */ = {isa = PBXFileReference; lastKnownFileType = image.png; path = metal.png; sourceTree = "<group>"; };
		BBCC9D942365430800424C83 /* SceneDelegate.h */ = {isa = PBXFileReference; lastKnownFileType = sourcecode.c.h; path = SceneDelegate.h; sourceTree = "<group>"; };
		BBCC9D952365430800424C83 /* SceneDelegate.m */ = {isa = PBXFileReference; lastKnownFileType = sourcecode.c.objc; path = SceneDelegate.m; sourceTree = "<group>"; };
		BBCED895255BB65A00CA0701 /* NSObject+SaneKVO.h */ = {isa = PBXFileReference; lastKnownFileType = sourcecode.c.h; path = "NSObject+SaneKVO.h"; sourceTree = "<group>"; };
		BBCED896255BB65A00CA0701 /* NSObject+SaneKVO.m */ = {isa = PBXFileReference; lastKnownFileType = sourcecode.c.objc; path = "NSObject+SaneKVO.m"; sourceTree = "<group>"; };
		BBECF3BA2691379100DEC937 /* StaticLibLinux.xcconfig */ = {isa = PBXFileReference; lastKnownFileType = text.xcconfig; path = StaticLibLinux.xcconfig; sourceTree = "<group>"; };
		BBEF191E26806364001225BD /* libiSHApp.a */ = {isa = PBXFileReference; explicitFileType = archive.ar; includeInIndex = 0; path = libiSHApp.a; sourceTree = BUILT_PRODUCTS_DIR; };
		BBEF192C26806546001225BD /* AppLib.xcconfig */ = {isa = PBXFileReference; lastKnownFileType = text.xcconfig; path = AppLib.xcconfig; sourceTree = "<group>"; };
		BBEF19BA26806D7E001225BD /* Linux.xcconfig */ = {isa = PBXFileReference; lastKnownFileType = text.xcconfig; path = Linux.xcconfig; sourceTree = "<group>"; };
		BBFB2CDA259028DC00545EAB /* StaticLib.xcconfig */ = {isa = PBXFileReference; lastKnownFileType = text.xcconfig; path = StaticLib.xcconfig; sourceTree = "<group>"; };
		BBFB55652158644C00DFE6DE /* libresolv.tbd */ = {isa = PBXFileReference; lastKnownFileType = "sourcecode.text-based-dylib-definition"; name = libresolv.tbd; path = usr/lib/libresolv.tbd; sourceTree = SDKROOT; };
		BBFB556F21586C4800DFE6DE /* UIViewController+Extras.h */ = {isa = PBXFileReference; lastKnownFileType = sourcecode.c.h; path = "UIViewController+Extras.h"; sourceTree = "<group>"; };
		BBFB557021586C4800DFE6DE /* UIViewController+Extras.m */ = {isa = PBXFileReference; lastKnownFileType = sourcecode.c.objc; path = "UIViewController+Extras.m"; sourceTree = "<group>"; };
		BBFB557A215878C600DFE6DE /* UIApplication+OpenURL.h */ = {isa = PBXFileReference; lastKnownFileType = sourcecode.c.h; path = "UIApplication+OpenURL.h"; sourceTree = "<group>"; };
		BBFB557B215878C600DFE6DE /* UIApplication+OpenURL.m */ = {isa = PBXFileReference; lastKnownFileType = sourcecode.c.objc; path = "UIApplication+OpenURL.m"; sourceTree = "<group>"; };
/* End PBXFileReference section */

/* Begin PBXFrameworksBuildPhase section */
		BB792B4D1F96D90D00FFB7A4 /* Frameworks */ = {
			isa = PBXFrameworksBuildPhase;
			buildActionMask = 2147483647;
			files = (
				63021CA42902D6790001E3E0 /* libish_emu.a in Frameworks */,
				63021CA52902D6790001E3E0 /* libish.a in Frameworks */,
				63021CA62902D6790001E3E0 /* libfakefs.a in Frameworks */,
				63021CA02902D6020001E3E0 /* libarchive.a in Frameworks */,
				BB28C7AE26896C1D00BDC834 /* libiSHApp.a in Frameworks */,
				BB235537235D49B300139E00 /* CoreLocation.framework in Frameworks */,
				BBA8E2C1236FF5EA00515F76 /* SystemConfiguration.framework in Frameworks */,
				BBAEE339249B58E80069EBB5 /* libbz2.tbd in Frameworks */,
				BB6DB261216435340047A611 /* libiconv.tbd in Frameworks */,
				BBFB55662158644C00DFE6DE /* libresolv.tbd in Frameworks */,
			);
			runOnlyForDeploymentPostprocessing = 0;
		};
/* End PBXFrameworksBuildPhase section */

/* Begin PBXGroup section */
		497F6BF1254E5C0D00C82F46 /* proc */ = {
			isa = PBXGroup;
			children = (
				497F6BF4254E5C0D00C82F46 /* entry.c */,
				49302D8D277669D300C9885A /* ish.c */,
				49302D972777FAB400C9885A /* ish.h */,
				497F6BF2254E5C0D00C82F46 /* pid.c */,
				497F6BF3254E5C0D00C82F46 /* root.c */,
			);
			path = proc;
			sourceTree = "<group>";
		};
		497F6C27254E5C4F00C82F46 /* gadgets-x86_64 */ = {
			isa = PBXGroup;
			children = (
				497F6C28254E5C4F00C82F46 /* control.S */,
				497F6C29254E5C4F00C82F46 /* misc.S */,
				497F6C2A254E5C4F00C82F46 /* entry.S */,
				497F6C2B254E5C4F00C82F46 /* math.S */,
				497F6C2C254E5C4F00C82F46 /* memory.S */,
				497F6C2D254E5C4F00C82F46 /* gadgets.h */,
				497F6C2E254E5C4F00C82F46 /* string.S */,
				497F6C2F254E5C4F00C82F46 /* bits.S */,
			);
			path = "gadgets-x86_64";
			sourceTree = "<group>";
		};
		497F6C31254E5C4F00C82F46 /* gadgets-aarch64 */ = {
			isa = PBXGroup;
			children = (
				497F6C32254E5C4F00C82F46 /* control.S */,
				497F6C33254E5C4F00C82F46 /* misc.S */,
				497F6C34254E5C4F00C82F46 /* entry.S */,
				497F6C35254E5C4F00C82F46 /* math.S */,
				497F6C36254E5C4F00C82F46 /* memory.S */,
				497F6C37254E5C4F00C82F46 /* math.h */,
				497F6C38254E5C4F00C82F46 /* gadgets.h */,
				497F6C39254E5C4F00C82F46 /* string.S */,
				497F6C3A254E5C4F00C82F46 /* bits.S */,
			);
			path = "gadgets-aarch64";
			sourceTree = "<group>";
		};
		497F6C68254E5C7F00C82F46 /* interp */ = {
			isa = PBXGroup;
			children = (
				497F6C69254E5C7F00C82F46 /* fpu.h */,
			);
			path = interp;
			sourceTree = "<group>";
		};
		BB0B848D2586A4B100208600 /* Configs */ = {
			isa = PBXGroup;
			children = (
				BB0B85AD2586F3EB00208600 /* Project.xcconfig */,
				BB0B86CD2586FD8800208600 /* App.xcconfig */,
				BBEF192C26806546001225BD /* AppLib.xcconfig */,
				BB0B86D52587009D00208600 /* iOS.xcconfig */,
				BBFB2CDA259028DC00545EAB /* StaticLib.xcconfig */,
				BBECF3BA2691379100DEC937 /* StaticLibLinux.xcconfig */,
				BBEF19BA26806D7E001225BD /* Linux.xcconfig */,
				BB21A18C268951CA00BD19B4 /* NotLinux.xcconfig */,
				BB0B848E2586A4CF00208600 /* XcodeDefault.xcconfig */,
				BB0B859B2586F13200208600 /* XcodeDebug.xcconfig */,
				BB0B859C2586F19000208600 /* XcodeRelease.xcconfig */,
				BB0B85A42586F1CB00208600 /* ProjectDebug.xcconfig */,
				BB0B85A52586F1E100208600 /* ProjectRelease.xcconfig */,
				BB28C7532689522C00BDC834 /* ProjectDebugLinux.xcconfig */,
				BB28C7522689522700BDC834 /* ProjectReleaseLinux.xcconfig */,
			);
			name = Configs;
			sourceTree = "<group>";
		};
		BB10E5C1248DB961009C7A74 /* Roots */ = {
			isa = PBXGroup;
			children = (
				BB10E5CC248DBE66009C7A74 /* Roots.h */,
				BB10E5CD248DBE66009C7A74 /* Roots.m */,
				BB10E5CF248DC21D009C7A74 /* Roots.storyboard */,
				BB10E5D1248DCFEA009C7A74 /* RootsTableViewController.h */,
				BB10E5D2248DCFEA009C7A74 /* RootsTableViewController.m */,
				BBAEE33A249BDADC0069EBB5 /* ProgressReportViewController.h */,
				BBAEE33B249BDADC0069EBB5 /* ProgressReportViewController.m */,
				BB10E5C2248DBA7B009C7A74 /* fakefs.c */,
			);
			name = Roots;
			sourceTree = "<group>";
		};
		BB1B9A4123A5E92A00414052 /* Icons */ = {
			isa = PBXGroup;
			children = (
				BB0F552D239F8A790032A2A1 /* Icons.plist */,
				BB4A923124EDA560002F5A96 /* 3d.png */,
				BB38597627BCEC70000A1082 /* circular.png */,
				BB4A922F24EDA55C002F5A96 /* colontildehash.png */,
				BB38597927BCEC78000A1082 /* dollarblock1.png */,
				BB38597A27BCEC78000A1082 /* dollarblock2.png */,
				BB38597B27BCEC78000A1082 /* freeiosterminal.png */,
				BB1B9A4223A5E96900414052 /* icon.png */,
				BB4A922D24EDA461002F5A96 /* icon1337.png */,
				BBC8297D24EDAC11009D042C /* idollarhash.png */,
				BB0F553323A0AC760032A2A1 /* ihash1.png */,
				BBC8298024EDACBB009D042C /* iinhash.png */,
				BB38598327BCEC83000A1082 /* is.png */,
				BB38598227BCEC83000A1082 /* ishcolontildehash.png */,
				BBC8298624EE5853009D042C /* metal.png */,
				BB0B88202589734A00208600 /* notsurewhatthisis.png */,
				BB0F553123A0AB9B0032A2A1 /* pydann1.png */,
				BB0F553523A0ACFC0032A2A1 /* pydann2.png */,
				BB0B88172589662A00208600 /* reworked.png */,
				BB0B88052589661A00208600 /* rgb.png */,
				BB0B880E2589662200208600 /* sprite64.png */,
				BB0F552F239F8B360032A2A1 /* uninspired.png */,
			);
			path = Icons;
			sourceTree = "<group>";
		};
		BB235532235D472F00139E00 /* Devices */ = {
			isa = PBXGroup;
			children = (
				650B337222EA235C00B4C03E /* PasteboardDevice.h */,
				650B337322EA235C00B4C03E /* PasteboardDevice.m */,
				BBBF9CBB27C217A6002A30F7 /* PasteboardDeviceLinux.c */,
				BB235535235D489400139E00 /* LocationDevice.h */,
				BB235533235D488400139E00 /* LocationDevice.m */,
				408A263B23644102008A4E81 /* iOSFS.h */,
				408A2639236440F8008A4E81 /* iOSFS.m */,
			);
			name = Devices;
			sourceTree = "<group>";
		};
		BB2D71072354244700A10D1E /* platform */ = {
			isa = PBXGroup;
			children = (
				497F6CC3254E5CB300C82F46 /* darwin.c */,
				497F6CC4254E5CB300C82F46 /* linux.c */,
				497F6CC2254E5CB300C82F46 /* platform.h */,
			);
			path = platform;
			sourceTree = "<group>";
		};
		BB4A53931FAA393B00A72ACE /* most of the code */ = {
			isa = PBXGroup;
			children = (
				BB8636F82167F4F200E7ADC0 /* emu */,
				BB7D936A2087C2890008DA78 /* fs */,
				BB88F4712152F75A00A341FD /* jit */,
				BB7D933C2087C2880008DA78 /* kernel */,
				BB2D71072354244700A10D1E /* platform */,
				BB7D93362087C2880008DA78 /* util */,
				BB7D93822087C2890008DA78 /* main.c */,
				BB7D933B2087C2880008DA78 /* misc.h */,
				BB7D93812087C2890008DA78 /* debug.h */,
				BB7D93352087C2880008DA78 /* xX_main_Xx.h */,
			);
			name = "most of the code";
			sourceTree = "<group>";
		};
		BB4A53991FAA40FD00A72ACE /* terminal */ = {
			isa = PBXGroup;
			children = (
				BB4A53A91FAA496700A72ACE /* term.html */,
				BB4A539C1FAA490C00A72ACE /* term.js */,
				BB4A53AF1FAA787900A72ACE /* term.css */,
			);
			path = terminal;
			sourceTree = "<group>";
		};
		BB792B451F96D8E000FFB7A4 = {
			isa = PBXGroup;
			children = (
				BB792B521F96D90D00FFB7A4 /* app */,
				BB9C7B88240A343400F5D4F0 /* iSH.xcconfig */,
				BB4A53931FAA393B00A72ACE /* most of the code */,
				BB792B511F96D90D00FFB7A4 /* Products */,
				BB792B7D1F96E32B00FFB7A4 /* Frameworks */,
			);
			sourceTree = "<group>";
			usesTabs = 0;
		};
		BB792B511F96D90D00FFB7A4 /* Products */ = {
			isa = PBXGroup;
			children = (
				BB792B501F96D90D00FFB7A4 /* iSH.app */,
				BBEF191E26806364001225BD /* libiSHApp.a */,
			);
			name = Products;
			sourceTree = "<group>";
		};
		BB792B521F96D90D00FFB7A4 /* app */ = {
			isa = PBXGroup;
			children = (
				BB792B531F96D90D00FFB7A4 /* AppDelegate.h */,
				BB792B541F96D90D00FFB7A4 /* AppDelegate.m */,
				BB565EA52734F22D00C93EAE /* CurrentRoot.h */,
				BB565EA32734F1FB00C93EAE /* CurrentRoot.m */,
				BBCC9D942365430800424C83 /* SceneDelegate.h */,
				BBCC9D952365430800424C83 /* SceneDelegate.m */,
				BB792B561F96D90D00FFB7A4 /* TerminalViewController.h */,
				BB792B571F96D90D00FFB7A4 /* TerminalViewController.m */,
				BB78AB291FAD22440013E782 /* TerminalView.h */,
				BB78AB2A1FAD22440013E782 /* TerminalView.m */,
				BB0FC5901F980A6B00803272 /* Terminal.h */,
				BB0FC5911F980A6B00803272 /* Terminal.m */,
				BB23F58B231E1D1400585522 /* ScrollbarView.h */,
				BB23F58C231E1D1400585522 /* ScrollbarView.m */,
				BB4A53991FAA40FD00A72ACE /* terminal */,
				BB235532235D472F00139E00 /* Devices */,
				BB10E5C1248DB961009C7A74 /* Roots */,
				BBFB557221586C6600DFE6DE /* Utilities */,
				BBBF7B5B2415CDBB00EC4C14 /* Settings.bundle */,
				BB1B9A4123A5E92A00414052 /* Icons */,
				BB792B611F96D90D00FFB7A4 /* Info.plist */,
				BB792B621F96D90D00FFB7A4 /* main.m */,
				BB0B848D2586A4B100208600 /* Configs */,
				BB88F4A4215476BA00A341FD /* iSH.entitlements */,
			);
			path = app;
			sourceTree = "<group>";
		};
		BB792B7D1F96E32B00FFB7A4 /* Frameworks */ = {
			isa = PBXGroup;
			children = (
				63021CA32902D6790001E3E0 /* libfakefs.a */,
				63021CA12902D6790001E3E0 /* libish_emu.a */,
				63021CA22902D6790001E3E0 /* libish.a */,
				63021C9F2902D6020001E3E0 /* libarchive.a */,
				BB28C755268956C900BDC834 /* Foundation.framework */,
				BBAEE338249B58E80069EBB5 /* libbz2.tbd */,
				BBA8E2C0236FF5EA00515F76 /* SystemConfiguration.framework */,
				BB235536235D49B300139E00 /* CoreLocation.framework */,
				BB6DB260216435330047A611 /* libiconv.tbd */,
				BBFB55652158644C00DFE6DE /* libresolv.tbd */,
			);
			name = Frameworks;
			sourceTree = "<group>";
		};
		BB7D93362087C2880008DA78 /* util */ = {
			isa = PBXGroup;
			children = (
				497F6CD3254E5CC800C82F46 /* bits.h */,
				497F6CCF254E5CC800C82F46 /* fifo.c */,
				497F6CCB254E5CC800C82F46 /* fifo.h */,
				497F6CD0254E5CC800C82F46 /* list.h */,
				497F6CCE254E5CC800C82F46 /* refcount.h */,
				497F6CD2254E5CC800C82F46 /* sync.c */,
				497F6CCC254E5CC800C82F46 /* sync.h */,
				497F6CCD254E5CC800C82F46 /* timer.c */,
				497F6CD1254E5CC800C82F46 /* timer.h */,
			);
			path = util;
			sourceTree = "<group>";
		};
		BB7D933C2087C2880008DA78 /* kernel */ = {
			isa = PBXGroup;
			children = (
				497F6C9F254E5C9800C82F46 /* calls.c */,
				497F6C7B254E5C9700C82F46 /* calls.h */,
				497F6C82254E5C9700C82F46 /* elf.h */,
				497F6C7D254E5C9700C82F46 /* epoll.c */,
				497F6C91254E5C9800C82F46 /* errno.c */,
				497F6C80254E5C9700C82F46 /* errno.h */,
				497F6C95254E5C9800C82F46 /* eventfd.c */,
				497F6C81254E5C9700C82F46 /* exec.c */,
				497F6C90254E5C9700C82F46 /* exit.c */,
				497F6C8D254E5C9700C82F46 /* fork.c */,
				497F6C96254E5C9800C82F46 /* fs_info.c */,
				497F6C98254E5C9800C82F46 /* fs.c */,
				497F6C88254E5C9700C82F46 /* fs.h */,
				497F6C9B254E5C9800C82F46 /* futex.c */,
				497F6C9A254E5C9800C82F46 /* futex.h */,
				497F6C99254E5C9800C82F46 /* getset.c */,
				497F6C8F254E5C9700C82F46 /* group.c */,
				497F6C7F254E5C9700C82F46 /* init.c */,
				497F6C97254E5C9800C82F46 /* init.h */,
				497F6C7A254E5C9700C82F46 /* ipc.c */,
				497F6C83254E5C9700C82F46 /* log.c */,
				497F6C85254E5C9700C82F46 /* misc.c */,
				497F6C77254E5C9700C82F46 /* mm.h */,
				497F6C9D254E5C9800C82F46 /* mmap.c */,
				497F6C92254E5C9800C82F46 /* personality.h */,
				497F6C94254E5C9800C82F46 /* poll.c */,
				497F6C8A254E5C9700C82F46 /* ptrace.c */,
				497F6C8C254E5C9700C82F46 /* ptrace.h */,
				497F6C7E254E5C9700C82F46 /* random.c */,
				497F6C9E254E5C9800C82F46 /* random.h */,
				497F6CA0254E5C9800C82F46 /* resource.c */,
				497F6CA1254E5C9800C82F46 /* resource.h */,
				497F6C87254E5C9700C82F46 /* signal.c */,
				497F6C7C254E5C9700C82F46 /* signal.h */,
				497F6C78254E5C9700C82F46 /* task.c */,
				497F6C9C254E5C9800C82F46 /* task.h */,
				497F6C89254E5C9700C82F46 /* time.c */,
				497F6C86254E5C9700C82F46 /* time.h */,
				497F6C8E254E5C9700C82F46 /* tls.c */,
				497F6C93254E5C9800C82F46 /* uname.c */,
				497F6C8B254E5C9700C82F46 /* user.c */,
				497F6C79254E5C9700C82F46 /* vdso.c */,
				497F6C84254E5C9700C82F46 /* vdso.h */,
			);
			path = kernel;
			sourceTree = "<group>";
		};
		BB7D936A2087C2890008DA78 /* fs */ = {
			isa = PBXGroup;
			children = (
				497F6BFE254E5C0E00C82F46 /* adhoc.c */,
				497F6BDC254E5C0D00C82F46 /* dev.c */,
				497F6BDE254E5C0D00C82F46 /* dev.h */,
				497F6C01254E5C0E00C82F46 /* devices.h */,
				497F6BF9254E5C0E00C82F46 /* dir.c */,
				497F6C03254E5C0E00C82F46 /* dyndev.c */,
				497F6C00254E5C0E00C82F46 /* dyndev.h */,
				497F6BEA254E5C0D00C82F46 /* fake-migrate.c */,
				497F6BEF254E5C0D00C82F46 /* fake-rebuild.c */,
				497F6BE8254E5C0D00C82F46 /* fake.c */,
				497F6BEC254E5C0D00C82F46 /* fake.h */,
				BBBF9CC227C448D5002A30F7 /* fake-db.c */,
				BBBF9CC127C441C0002A30F7 /* fake-db.h */,
				497F6BE7254E5C0D00C82F46 /* fd.c */,
				497F6BF0254E5C0D00C82F46 /* fd.h */,
				BBBF9CC027C441C0002A30F7 /* fix_path.h */,
				497F6BE4254E5C0D00C82F46 /* generic.c */,
				497F6BE6254E5C0D00C82F46 /* inode.c */,
				497F6BFD254E5C0E00C82F46 /* inode.h */,
				497F6BE9254E5C0D00C82F46 /* lock.c */,
				497F6BFF254E5C0E00C82F46 /* mem.c */,
				497F6BDA254E5C0D00C82F46 /* mem.h */,
				497F6BE0254E5C0D00C82F46 /* mount.c */,
				497F6BDB254E5C0D00C82F46 /* path.c */,
				497F6BDF254E5C0D00C82F46 /* path.h */,
				497F6BFC254E5C0E00C82F46 /* pipe.c */,
				497F6BF6254E5C0E00C82F46 /* poll.c */,
				497F6BEE254E5C0D00C82F46 /* poll.h */,
				497F6BF1254E5C0D00C82F46 /* proc */,
				497F6BDD254E5C0D00C82F46 /* proc.c */,
				497F6BF5254E5C0E00C82F46 /* proc.h */,
				497F6C06254E5C0E00C82F46 /* pty.c */,
				497F6C04254E5C0E00C82F46 /* real.c */,
				497F6BF8254E5C0E00C82F46 /* real.h */,
				497F6BF7254E5C0E00C82F46 /* sock.c */,
				497F6BE1254E5C0D00C82F46 /* sock.h */,
				497F6BFB254E5C0E00C82F46 /* sockrestart.c */,
				497F6BFA254E5C0E00C82F46 /* sockrestart.h */,
				497F6BED254E5C0D00C82F46 /* sqlutil.h */,
				497F6BE3254E5C0D00C82F46 /* stat.c */,
				497F6C02254E5C0E00C82F46 /* stat.h */,
				497F6BEB254E5C0D00C82F46 /* tmp.c */,
				497F6C05254E5C0E00C82F46 /* tty-real.c */,
				497F6BE2254E5C0D00C82F46 /* tty.c */,
				497F6BE5254E5C0D00C82F46 /* tty.h */,
			);
			path = fs;
			sourceTree = "<group>";
		};
		BB8636F82167F4F200E7ADC0 /* emu */ = {
			isa = PBXGroup;
			children = (
				497F6C62254E5C7F00C82F46 /* cpu.h */,
				497F6C58254E5C7E00C82F46 /* cpuid.h */,
				497F6C5E254E5C7E00C82F46 /* decode.h */,
				497F6C5A254E5C7E00C82F46 /* float80-test.c */,
				497F6C66254E5C7F00C82F46 /* float80.c */,
				497F6C5B254E5C7E00C82F46 /* float80.h */,
				497F6C5D254E5C7E00C82F46 /* fpu.c */,
				497F6C63254E5C7F00C82F46 /* fpu.h */,
				497F6C68254E5C7F00C82F46 /* interp */,
				497F6C67254E5C7F00C82F46 /* interp.c */,
				497F6C5C254E5C7E00C82F46 /* interrupt.h */,
				497F6C60254E5C7F00C82F46 /* memory.c */,
				497F6C61254E5C7F00C82F46 /* memory.h */,
				497F6C6A254E5C7F00C82F46 /* modrm.h */,
				497F6C65254E5C7F00C82F46 /* regid.h */,
				497F6C59254E5C7E00C82F46 /* tlb.c */,
				497F6C6B254E5C7F00C82F46 /* tlb.h */,
				497F6C64254E5C7F00C82F46 /* vec.c */,
				497F6C5F254E5C7F00C82F46 /* vec.h */,
			);
			path = emu;
			sourceTree = "<group>";
		};
		BB88F4712152F75A00A341FD /* jit */ = {
			isa = PBXGroup;
			children = (
				497F6C3F254E5C4F00C82F46 /* frame.h */,
				497F6C31254E5C4F00C82F46 /* gadgets-aarch64 */,
				497F6C30254E5C4F00C82F46 /* gadgets-generic.h */,
				497F6C27254E5C4F00C82F46 /* gadgets-x86_64 */,
				497F6C3D254E5C4F00C82F46 /* gen.c */,
				497F6C3E254E5C4F00C82F46 /* gen.h */,
				497F6C3B254E5C4F00C82F46 /* helpers.c */,
				497F6C40254E5C4F00C82F46 /* jit.c */,
				497F6C41254E5C4F00C82F46 /* jit.h */,
				497F6C3C254E5C4F00C82F46 /* offsets.c */,
			);
			path = jit;
			sourceTree = "<group>";
		};
		BBFB557221586C6600DFE6DE /* Utilities */ = {
			isa = PBXGroup;
			children = (
				BB9C7B86240A29DE00F5D4F0 /* AppGroup.h */,
				BB9C7B84240A240E00F5D4F0 /* AppGroup.m */,
				BB455E0F1FB37F6600AFB48B /* DelayedUITask.h */,
				BB455E101FB37F6600AFB48B /* DelayedUITask.m */,
				BBFB556F21586C4800DFE6DE /* UIViewController+Extras.h */,
				BBFB557021586C4800DFE6DE /* UIViewController+Extras.m */,
				BBFB557A215878C600DFE6DE /* UIApplication+OpenURL.h */,
				BBFB557B215878C600DFE6DE /* UIApplication+OpenURL.m */,
				BBCED895255BB65A00CA0701 /* NSObject+SaneKVO.h */,
				BBCED896255BB65A00CA0701 /* NSObject+SaneKVO.m */,
				BB149E7E256DC97C00F57815 /* PassthroughView.h */,
				BB149E7F256DC97C00F57815 /* PassthroughView.m */,
			);
			name = Utilities;
			sourceTree = "<group>";
		};
/* End PBXGroup section */

/* Begin PBXNativeTarget section */
		BB792B4F1F96D90D00FFB7A4 /* iSH */ = {
			isa = PBXNativeTarget;
			buildConfigurationList = BB792B661F96D90D00FFB7A4 /* Build configuration list for PBXNativeTarget "iSH" */;
			buildPhases = (
				BB21A17826890A5B00BD19B4 /* Sources */,
				BB792B4D1F96D90D00FFB7A4 /* Frameworks */,
				BB792B4E1F96D90D00FFB7A4 /* Resources */,
			);
			buildRules = (
			);
			dependencies = (
				BBEF1929268063FD001225BD /* PBXTargetDependency */,
			);
			name = iSH;
			productName = iSH;
			productReference = BB792B501F96D90D00FFB7A4 /* iSH.app */;
			productType = "com.apple.product-type.application";
		};
		BBEF191D26806364001225BD /* libiSHApp */ = {
			isa = PBXNativeTarget;
			buildConfigurationList = BBEF192626806364001225BD /* Build configuration list for PBXNativeTarget "libiSHApp" */;
			buildPhases = (
				BBEF191A26806364001225BD /* Sources */,
			);
			buildRules = (
			);
			dependencies = (
			);
			name = libiSHApp;
			productName = libiSH;
			productReference = BBEF191E26806364001225BD /* libiSHApp.a */;
			productType = "com.apple.product-type.library.static";
		};
/* End PBXNativeTarget section */

/* Begin PBXProject section */
		BB792B461F96D8E000FFB7A4 /* Project object */ = {
			isa = PBXProject;
			attributes = {
				CLASSPREFIX = "";
				LastUpgradeCheck = 1330;
				TargetAttributes = {
					BB792B4F1F96D90D00FFB7A4 = {
						CreatedOnToolsVersion = 9.0;
						ProvisioningStyle = Automatic;
						SystemCapabilities = {
							com.apple.ApplicationGroups.iOS = {
								enabled = 1;
							};
						};
					};
					BBEF191D26806364001225BD = {
						CreatedOnToolsVersion = 13.0;
					};
				};
			};
			buildConfigurationList = BB792B491F96D8E000FFB7A4 /* Build configuration list for PBXProject "iSH" */;
			compatibilityVersion = "Xcode 6.3";
			developmentRegion = en;
			hasScannedForEncodings = 0;
			knownRegions = (
				en,
				Base,
			);
			mainGroup = BB792B451F96D8E000FFB7A4;
			productRefGroup = BB792B511F96D90D00FFB7A4 /* Products */;
			projectDirPath = "";
			projectRoot = "";
			targets = (
				BB792B4F1F96D90D00FFB7A4 /* iSH */,
				BBEF191D26806364001225BD /* libiSHApp */,
			);
		};
/* End PBXProject section */

/* Begin PBXResourcesBuildPhase section */
		BB792B4E1F96D90D00FFB7A4 /* Resources */ = {
			isa = PBXResourcesBuildPhase;
			buildActionMask = 2147483647;
			files = (
				BB38599627BCEE6B000A1082 /* idollarhash.png in Resources */,
				BB3859A227BCEE6B000A1082 /* dollarblock2.png in Resources */,
				BB3859A727BCEE6B000A1082 /* uninspired.png in Resources */,
				BB38599B27BCEE6B000A1082 /* rgb.png in Resources */,
				BB38599927BCEE6B000A1082 /* dollarblock1.png in Resources */,
				BB38599C27BCEE6B000A1082 /* sprite64.png in Resources */,
				BB3859A427BCEE6B000A1082 /* ishcolontildehash.png in Resources */,
				BB38599D27BCEE6B000A1082 /* icon.png in Resources */,
				BBBF7B5C2415CDBB00EC4C14 /* Settings.bundle in Resources */,
				BB3859A527BCEE6B000A1082 /* reworked.png in Resources */,
				BB3859A627BCEE6B000A1082 /* colontildehash.png in Resources */,
				BB38599327BCEE6B000A1082 /* notsurewhatthisis.png in Resources */,
				BB38599427BCEE6B000A1082 /* pydann1.png in Resources */,
				BB0F552E239F8A790032A2A1 /* Icons.plist in Resources */,
				BB38599527BCEE6B000A1082 /* pydann2.png in Resources */,
				BB2B4DAF231D998300CB578B /* term.html in Resources */,
				BB3859A027BCEE6B000A1082 /* 3d.png in Resources */,
				BB10E5D0248DC21D009C7A74 /* Roots.storyboard in Resources */,
				BB3859A327BCEE6B000A1082 /* ihash1.png in Resources */,
				BB2B4DAE231D998300CB578B /* term.css in Resources */,
				BB38599827BCEE6B000A1082 /* metal.png in Resources */,
				BB2B4DAD231D998300CB578B /* term.js in Resources */,
				BB38599A27BCEE6B000A1082 /* is.png in Resources */,
				BB38599E27BCEE6B000A1082 /* circular.png in Resources */,
				BB38599F27BCEE6B000A1082 /* icon1337.png in Resources */,
				BB3859A127BCEE6B000A1082 /* iinhash.png in Resources */,
				BB38599727BCEE6B000A1082 /* freeiosterminal.png in Resources */,
			);
			runOnlyForDeploymentPostprocessing = 0;
		};
/* End PBXResourcesBuildPhase section */

/* Begin PBXSourcesBuildPhase section */
		BB21A17826890A5B00BD19B4 /* Sources */ = {
			isa = PBXSourcesBuildPhase;
			buildActionMask = 2147483647;
			files = (
				BB28C7BB268975AE00BDC834 /* LocationDevice.m in Sources */,
				BB28C7BA268975AA00BDC834 /* iOSFS.m in Sources */,
				BB28C7BC268975B000BDC834 /* PasteboardDevice.m in Sources */,
			);
			runOnlyForDeploymentPostprocessing = 0;
		};
		BBEF191A26806364001225BD /* Sources */ = {
			isa = PBXSourcesBuildPhase;
			buildActionMask = 2147483647;
			files = (
				BB28C7B226896C4600BDC834 /* main.m in Sources */,
				BB28C79526896B1F00BDC834 /* TerminalViewController.m in Sources */,
				BBC3863F276817AD00CC8C2E /* CurrentRoot.m in Sources */,
				BB28C79626896B1F00BDC834 /* ProgressReportViewController.m in Sources */,
				BB28C79726896B1F00BDC834 /* TerminalView.m in Sources */,
				BB28C79826896B1F00BDC834 /* ScrollbarView.m in Sources */,
				BB28C79926896B1F00BDC834 /* DelayedUITask.m in Sources */,
				BB28C7BF2689799800BDC834 /* Roots.m in Sources */,
				BB28C79A26896B1F00BDC834 /* Terminal.m in Sources */,
				BB28C79D26896B1F00BDC834 /* SceneDelegate.m in Sources */,
				BB28C79F26896B1F00BDC834 /* PassthroughView.m in Sources */,
				BB28C7A126896B1F00BDC834 /* RootsTableViewController.m in Sources */,
				BB28C7A426896B1F00BDC834 /* AppGroup.m in Sources */,
				BBECF3BC26913F1600DEC937 /* AppDelegate.m in Sources */,
				BB28C7A526896B1F00BDC834 /* UIApplication+OpenURL.m in Sources */,
				BB28C7A726896B1F00BDC834 /* UIViewController+Extras.m in Sources */,
				BB28C7A826896B1F00BDC834 /* NSObject+SaneKVO.m in Sources */,
				BB77636726E486A7008DB44A /* fakefs.c in Sources */,
			);
			runOnlyForDeploymentPostprocessing = 0;
		};
/* End PBXSourcesBuildPhase section */

/* Begin PBXTargetDependency section */
		BBEF1929268063FD001225BD /* PBXTargetDependency */ = {
			isa = PBXTargetDependency;
			target = BBEF191D26806364001225BD /* libiSHApp */;
			targetProxy = BBEF1928268063FD001225BD /* PBXContainerItemProxy */;
		};
/* End PBXTargetDependency section */

/* Begin XCBuildConfiguration section */
		BB792B4A1F96D8E000FFB7A4 /* Debug-ApplePleaseFixFB19282108 */ = {
			isa = XCBuildConfiguration;
			baseConfigurationReference = BB0B85A42586F1CB00208600 /* ProjectDebug.xcconfig */;
			buildSettings = {
				CURRENT_PROJECT_VERSION = 415;
			};
			name = "Debug-ApplePleaseFixFB19282108";
		};
		BB792B4B1F96D8E000FFB7A4 /* Release */ = {
			isa = XCBuildConfiguration;
			baseConfigurationReference = BB0B85A52586F1E100208600 /* ProjectRelease.xcconfig */;
			buildSettings = {
				CURRENT_PROJECT_VERSION = 415;
			};
			name = Release;
		};
		BB792B641F96D90D00FFB7A4 /* Debug-ApplePleaseFixFB19282108 */ = {
			isa = XCBuildConfiguration;
			baseConfigurationReference = BB0B86CD2586FD8800208600 /* App.xcconfig */;
			buildSettings = {
				LIBRARY_SEARCH_PATHS = (
					"$(inherited)",
					"$(PROJECT_DIR)/ish_resources",
				);
			};
			name = "Debug-ApplePleaseFixFB19282108";
		};
		BB792B651F96D90D00FFB7A4 /* Release */ = {
			isa = XCBuildConfiguration;
			baseConfigurationReference = BB0B86CD2586FD8800208600 /* App.xcconfig */;
			buildSettings = {
				LIBRARY_SEARCH_PATHS = (
					"$(inherited)",
					"$(PROJECT_DIR)/ish_resources",
				);
			};
			name = Release;
		};
		BB7F62052688EAB5003C0220 /* DebugLinux */ = {
			isa = XCBuildConfiguration;
			baseConfigurationReference = BB28C7532689522C00BDC834 /* ProjectDebugLinux.xcconfig */;
			buildSettings = {
				CURRENT_PROJECT_VERSION = 415;
			};
			name = DebugLinux;
		};
		BB7F62062688EAB5003C0220 /* DebugLinux */ = {
			isa = XCBuildConfiguration;
			baseConfigurationReference = BB0B86CD2586FD8800208600 /* App.xcconfig */;
			buildSettings = {
				LIBRARY_SEARCH_PATHS = (
					"$(inherited)",
					"$(PROJECT_DIR)/ish_resources",
				);
			};
			name = DebugLinux;
		};
		BB7F62082688EAB5003C0220 /* DebugLinux */ = {
			isa = XCBuildConfiguration;
			baseConfigurationReference = BBEF192C26806546001225BD /* AppLib.xcconfig */;
			buildSettings = {
			};
			name = DebugLinux;
		};
		BBEF192426806364001225BD /* Debug-ApplePleaseFixFB19282108 */ = {
			isa = XCBuildConfiguration;
			baseConfigurationReference = BBEF192C26806546001225BD /* AppLib.xcconfig */;
			buildSettings = {
			};
			name = "Debug-ApplePleaseFixFB19282108";
		};
		BBEF192526806364001225BD /* Release */ = {
			isa = XCBuildConfiguration;
			baseConfigurationReference = BBEF192C26806546001225BD /* AppLib.xcconfig */;
			buildSettings = {
			};
			name = Release;
		};
		BBEF19AB26806D1F001225BD /* ReleaseLinux */ = {
			isa = XCBuildConfiguration;
			baseConfigurationReference = BB28C7522689522700BDC834 /* ProjectReleaseLinux.xcconfig */;
			buildSettings = {
				CURRENT_PROJECT_VERSION = 415;
			};
			name = ReleaseLinux;
		};
		BBEF19AC26806D1F001225BD /* ReleaseLinux */ = {
			isa = XCBuildConfiguration;
			baseConfigurationReference = BB0B86CD2586FD8800208600 /* App.xcconfig */;
			buildSettings = {
				LIBRARY_SEARCH_PATHS = (
					"$(inherited)",
					"$(PROJECT_DIR)/ish_resources",
				);
			};
			name = ReleaseLinux;
		};
		BBEF19AE26806D1F001225BD /* ReleaseLinux */ = {
			isa = XCBuildConfiguration;
			baseConfigurationReference = BBEF192C26806546001225BD /* AppLib.xcconfig */;
			buildSettings = {
			};
			name = ReleaseLinux;
		};
/* End XCBuildConfiguration section */

/* Begin XCConfigurationList section */
		BB792B491F96D8E000FFB7A4 /* Build configuration list for PBXProject "iSH" */ = {
			isa = XCConfigurationList;
			buildConfigurations = (
				BB792B4A1F96D8E000FFB7A4 /* Debug-ApplePleaseFixFB19282108 */,
				BB7F62052688EAB5003C0220 /* DebugLinux */,
				BB792B4B1F96D8E000FFB7A4 /* Release */,
				BBEF19AB26806D1F001225BD /* ReleaseLinux */,
			);
			defaultConfigurationIsVisible = 0;
			defaultConfigurationName = Release;
		};
		BB792B661F96D90D00FFB7A4 /* Build configuration list for PBXNativeTarget "iSH" */ = {
			isa = XCConfigurationList;
			buildConfigurations = (
				BB792B641F96D90D00FFB7A4 /* Debug-ApplePleaseFixFB19282108 */,
				BB7F62062688EAB5003C0220 /* DebugLinux */,
				BB792B651F96D90D00FFB7A4 /* Release */,
				BBEF19AC26806D1F001225BD /* ReleaseLinux */,
			);
			defaultConfigurationIsVisible = 0;
			defaultConfigurationName = Release;
		};
		BBEF192626806364001225BD /* Build configuration list for PBXNativeTarget "libiSHApp" */ = {
			isa = XCConfigurationList;
			buildConfigurations = (
				BBEF192426806364001225BD /* Debug-ApplePleaseFixFB19282108 */,
				BB7F62082688EAB5003C0220 /* DebugLinux */,
				BBEF192526806364001225BD /* Release */,
				BBEF19AE26806D1F001225BD /* ReleaseLinux */,
			);
			defaultConfigurationIsVisible = 0;
			defaultConfigurationName = Release;
		};
/* End XCConfigurationList section */
	};
	rootObject = BB792B461F96D8E000FFB7A4 /* Project object */;
}
