// !$*UTF8*$!
{
	archiveVersion = 1;
	classes = {
	};
	objectVersion = 47;
	objects = {

/* Begin PBXBuildFile section */
		63021CA42902D6790001E3E0 /* libish_emu.a in Frameworks */ = {isa = PBXBuildFile; fileRef = 63021CA12902D6790001E3E0 /* libish_emu.a */; };
		63021CA52902D6790001E3E0 /* libish.a in Frameworks */ = {isa = PBXBuildFile; fileRef = 63021CA22902D6790001E3E0 /* libish.a */; };
		63021CA62902D6790001E3E0 /* libfakefs.a in Frameworks */ = {isa = PBXBuildFile; fileRef = 63021CA32902D6790001E3E0 /* libfakefs.a */; };
		630EFB17290830870002A1F5 /* AppDelegate.swift in Sources */ = {isa = PBXBuildFile; fileRef = 630EFB16290830870002A1F5 /* AppDelegate.swift */; };
		630EFB19290830CF0002A1F5 /* SceneDelegate.swift in Sources */ = {isa = PBXBuildFile; fileRef = 630EFB18290830CF0002A1F5 /* SceneDelegate.swift */; };
		630EFB1B290831050002A1F5 /* MyVC.swift in Sources */ = {isa = PBXBuildFile; fileRef = 630EFB1A290831050002A1F5 /* MyVC.swift */; };
		630EFB1E290831C90002A1F5 /* MyUtility.m in Sources */ = {isa = PBXBuildFile; fileRef = 630EFB1D290831C90002A1F5 /* MyUtility.m */; };
		632B84EE29068296006E182F /* TerminalView.m in Sources */ = {isa = PBXBuildFile; fileRef = BB78AB2A1FAD22440013E782 /* TerminalView.m */; };
		632B84EF29068296006E182F /* Terminal.m in Sources */ = {isa = PBXBuildFile; fileRef = BB0FC5911F980A6B00803272 /* Terminal.m */; };
		632B84F029068296006E182F /* ScrollbarView.m in Sources */ = {isa = PBXBuildFile; fileRef = BB23F58C231E1D1400585522 /* ScrollbarView.m */; };
		63DEDCE429097D0C00E55F3B /* MySwift.swift in Sources */ = {isa = PBXBuildFile; fileRef = 63DEDCE329097D0C00E55F3B /* MySwift.swift */; };
/* End PBXBuildFile section */

/* Begin PBXFileReference section */
		63021C9F2902D6020001E3E0 /* libarchive.a */ = {isa = PBXFileReference; lastKnownFileType = archive.ar; name = libarchive.a; path = myresource/libarchive.a; sourceTree = "<group>"; };
		63021CA12902D6790001E3E0 /* libish_emu.a */ = {isa = PBXFileReference; lastKnownFileType = archive.ar; name = libish_emu.a; path = myresource/libish_emu.a; sourceTree = "<group>"; };
		63021CA22902D6790001E3E0 /* libish.a */ = {isa = PBXFileReference; lastKnownFileType = archive.ar; name = libish.a; path = myresource/libish.a; sourceTree = "<group>"; };
		63021CA32902D6790001E3E0 /* libfakefs.a */ = {isa = PBXFileReference; lastKnownFileType = archive.ar; name = libfakefs.a; path = myresource/libfakefs.a; sourceTree = "<group>"; };
		630EFB1129082CAE0002A1F5 /* mysh.xcconfig */ = {isa = PBXFileReference; fileEncoding = 4; lastKnownFileType = text.xcconfig; path = mysh.xcconfig; sourceTree = "<group>"; };
		630EFB15290830870002A1F5 /* iSH-Bridging-Header.h */ = {isa = PBXFileReference; lastKnownFileType = sourcecode.c.h; path = "iSH-Bridging-Header.h"; sourceTree = "<group>"; };
		630EFB16290830870002A1F5 /* AppDelegate.swift */ = {isa = PBXFileReference; lastKnownFileType = sourcecode.swift; path = AppDelegate.swift; sourceTree = "<group>"; };
		630EFB18290830CF0002A1F5 /* SceneDelegate.swift */ = {isa = PBXFileReference; lastKnownFileType = sourcecode.swift; path = SceneDelegate.swift; sourceTree = "<group>"; };
		630EFB1A290831050002A1F5 /* MyVC.swift */ = {isa = PBXFileReference; lastKnownFileType = sourcecode.swift; path = MyVC.swift; sourceTree = "<group>"; };
		630EFB1C290831C90002A1F5 /* MyUtility.h */ = {isa = PBXFileReference; lastKnownFileType = sourcecode.c.h; path = MyUtility.h; sourceTree = "<group>"; };
		630EFB1D290831C90002A1F5 /* MyUtility.m */ = {isa = PBXFileReference; lastKnownFileType = sourcecode.c.objc; path = MyUtility.m; sourceTree = "<group>"; };
		63DEDCE329097D0C00E55F3B /* MySwift.swift */ = {isa = PBXFileReference; lastKnownFileType = sourcecode.swift; path = MySwift.swift; sourceTree = "<group>"; };
		BB0FC5901F980A6B00803272 /* Terminal.h */ = {isa = PBXFileReference; lastKnownFileType = sourcecode.c.h; path = Terminal.h; sourceTree = "<group>"; };
		BB0FC5911F980A6B00803272 /* Terminal.m */ = {isa = PBXFileReference; lastKnownFileType = sourcecode.c.objc; path = Terminal.m; sourceTree = "<group>"; };
		BB235536235D49B300139E00 /* CoreLocation.framework */ = {isa = PBXFileReference; lastKnownFileType = wrapper.framework; name = CoreLocation.framework; path = System/Library/Frameworks/CoreLocation.framework; sourceTree = SDKROOT; };
		BB23F58B231E1D1400585522 /* ScrollbarView.h */ = {isa = PBXFileReference; lastKnownFileType = sourcecode.c.h; path = ScrollbarView.h; sourceTree = "<group>"; };
		BB23F58C231E1D1400585522 /* ScrollbarView.m */ = {isa = PBXFileReference; lastKnownFileType = sourcecode.c.objc; path = ScrollbarView.m; sourceTree = "<group>"; };
		BB28C755268956C900BDC834 /* Foundation.framework */ = {isa = PBXFileReference; lastKnownFileType = wrapper.framework; name = Foundation.framework; path = Platforms/iPhoneOS.platform/Developer/SDKs/iPhoneOS15.0.sdk/System/Library/Frameworks/Foundation.framework; sourceTree = DEVELOPER_DIR; };
		BB6DB260216435330047A611 /* libiconv.tbd */ = {isa = PBXFileReference; lastKnownFileType = "sourcecode.text-based-dylib-definition"; name = libiconv.tbd; path = usr/lib/libiconv.tbd; sourceTree = SDKROOT; };
		BB78AB291FAD22440013E782 /* TerminalView.h */ = {isa = PBXFileReference; lastKnownFileType = sourcecode.c.h; path = TerminalView.h; sourceTree = "<group>"; };
		BB78AB2A1FAD22440013E782 /* TerminalView.m */ = {isa = PBXFileReference; lastKnownFileType = sourcecode.c.objc; path = TerminalView.m; sourceTree = "<group>"; };
		BB792B501F96D90D00FFB7A4 /* iSH.app */ = {isa = PBXFileReference; explicitFileType = wrapper.application; includeInIndex = 0; path = iSH.app; sourceTree = BUILT_PRODUCTS_DIR; };
		BB792B611F96D90D00FFB7A4 /* Info.plist */ = {isa = PBXFileReference; lastKnownFileType = text.plist.xml; path = Info.plist; sourceTree = "<group>"; };
		BBA8E2C0236FF5EA00515F76 /* SystemConfiguration.framework */ = {isa = PBXFileReference; lastKnownFileType = wrapper.framework; name = SystemConfiguration.framework; path = System/Library/Frameworks/SystemConfiguration.framework; sourceTree = SDKROOT; };
		BBAEE338249B58E80069EBB5 /* libbz2.tbd */ = {isa = PBXFileReference; lastKnownFileType = "sourcecode.text-based-dylib-definition"; name = libbz2.tbd; path = usr/lib/libbz2.tbd; sourceTree = SDKROOT; };
		BBFB55652158644C00DFE6DE /* libresolv.tbd */ = {isa = PBXFileReference; lastKnownFileType = "sourcecode.text-based-dylib-definition"; name = libresolv.tbd; path = usr/lib/libresolv.tbd; sourceTree = SDKROOT; };
/* End PBXFileReference section */

/* Begin PBXFrameworksBuildPhase section */
		BB792B4D1F96D90D00FFB7A4 /* Frameworks */ = {
			isa = PBXFrameworksBuildPhase;
			buildActionMask = 2147483647;
			files = (
				63021CA42902D6790001E3E0 /* libish_emu.a in Frameworks */,
				63021CA52902D6790001E3E0 /* libish.a in Frameworks */,
				63021CA62902D6790001E3E0 /* libfakefs.a in Frameworks */,
			);
			runOnlyForDeploymentPostprocessing = 0;
		};
/* End PBXFrameworksBuildPhase section */

/* Begin PBXGroup section */
		BB792B451F96D8E000FFB7A4 = {
			isa = PBXGroup;
			children = (
				BB792B521F96D90D00FFB7A4 /* app */,
				BB792B511F96D90D00FFB7A4 /* Products */,
				BB792B7D1F96E32B00FFB7A4 /* Frameworks */,
			);
			sourceTree = "<group>";
			usesTabs = 0;
		};
		BB792B511F96D90D00FFB7A4 /* Products */ = {
			isa = PBXGroup;
			children = (
				BB792B501F96D90D00FFB7A4 /* iSH.app */,
			);
			name = Products;
			sourceTree = "<group>";
		};
		BB792B521F96D90D00FFB7A4 /* app */ = {
			isa = PBXGroup;
			children = (
				630EFB16290830870002A1F5 /* AppDelegate.swift */,
				630EFB18290830CF0002A1F5 /* SceneDelegate.swift */,
				630EFB1A290831050002A1F5 /* MyVC.swift */,
				63DEDCE329097D0C00E55F3B /* MySwift.swift */,
				630EFB1C290831C90002A1F5 /* MyUtility.h */,
				630EFB1D290831C90002A1F5 /* MyUtility.m */,
				630EFB15290830870002A1F5 /* iSH-Bridging-Header.h */,
				BB78AB291FAD22440013E782 /* TerminalView.h */,
				BB78AB2A1FAD22440013E782 /* TerminalView.m */,
				BB0FC5901F980A6B00803272 /* Terminal.h */,
				BB0FC5911F980A6B00803272 /* Terminal.m */,
				BB23F58B231E1D1400585522 /* ScrollbarView.h */,
				BB23F58C231E1D1400585522 /* ScrollbarView.m */,
				BB792B611F96D90D00FFB7A4 /* Info.plist */,
				630EFB1129082CAE0002A1F5 /* mysh.xcconfig */,
			);
			path = app;
			sourceTree = "<group>";
		};
		BB792B7D1F96E32B00FFB7A4 /* Frameworks */ = {
			isa = PBXGroup;
			children = (
				63021CA32902D6790001E3E0 /* libfakefs.a */,
				63021CA12902D6790001E3E0 /* libish_emu.a */,
				63021CA22902D6790001E3E0 /* libish.a */,
				63021C9F2902D6020001E3E0 /* libarchive.a */,
				BB28C755268956C900BDC834 /* Foundation.framework */,
				BBAEE338249B58E80069EBB5 /* libbz2.tbd */,
				BBA8E2C0236FF5EA00515F76 /* SystemConfiguration.framework */,
				BB235536235D49B300139E00 /* CoreLocation.framework */,
				BB6DB260216435330047A611 /* libiconv.tbd */,
				BBFB55652158644C00DFE6DE /* libresolv.tbd */,
			);
			name = Frameworks;
			sourceTree = "<group>";
		};
/* End PBXGroup section */

/* Begin PBXNativeTarget section */
		BB792B4F1F96D90D00FFB7A4 /* iSH */ = {
			isa = PBXNativeTarget;
			buildConfigurationList = BB792B661F96D90D00FFB7A4 /* Build configuration list for PBXNativeTarget "iSH" */;
			buildPhases = (
				BB21A17826890A5B00BD19B4 /* Sources */,
				BB792B4D1F96D90D00FFB7A4 /* Frameworks */,
			);
			buildRules = (
			);
			dependencies = (
			);
			name = iSH;
			productName = iSH;
			productReference = BB792B501F96D90D00FFB7A4 /* iSH.app */;
			productType = "com.apple.product-type.application";
		};
/* End PBXNativeTarget section */

/* Begin PBXProject section */
		BB792B461F96D8E000FFB7A4 /* Project object */ = {
			isa = PBXProject;
			attributes = {
				CLASSPREFIX = "";
				LastUpgradeCheck = 1330;
				TargetAttributes = {
					BB792B4F1F96D90D00FFB7A4 = {
						CreatedOnToolsVersion = 9.0;
						LastSwiftMigration = 1400;
						ProvisioningStyle = Automatic;
						SystemCapabilities = {
							com.apple.ApplicationGroups.iOS = {
								enabled = 1;
							};
						};
					};
				};
			};
			buildConfigurationList = BB792B491F96D8E000FFB7A4 /* Build configuration list for PBXProject "iSH" */;
			compatibilityVersion = "Xcode 6.3";
			developmentRegion = en;
			hasScannedForEncodings = 0;
			knownRegions = (
				en,
				Base,
			);
			mainGroup = BB792B451F96D8E000FFB7A4;
			productRefGroup = BB792B511F96D90D00FFB7A4 /* Products */;
			projectDirPath = "";
			projectRoot = "";
			targets = (
				BB792B4F1F96D90D00FFB7A4 /* iSH */,
			);
		};
/* End PBXProject section */

/* Begin PBXSourcesBuildPhase section */
		BB21A17826890A5B00BD19B4 /* Sources */ = {
			isa = PBXSourcesBuildPhase;
			buildActionMask = 2147483647;
			files = (
				630EFB1B290831050002A1F5 /* MyVC.swift in Sources */,
				630EFB17290830870002A1F5 /* AppDelegate.swift in Sources */,
				630EFB19290830CF0002A1F5 /* SceneDelegate.swift in Sources */,
				63DEDCE429097D0C00E55F3B /* MySwift.swift in Sources */,
				632B84EE29068296006E182F /* TerminalView.m in Sources */,
				632B84EF29068296006E182F /* Terminal.m in Sources */,
				632B84F029068296006E182F /* ScrollbarView.m in Sources */,
				630EFB1E290831C90002A1F5 /* MyUtility.m in Sources */,
			);
			runOnlyForDeploymentPostprocessing = 0;
		};
/* End PBXSourcesBuildPhase section */

/* Begin XCBuildConfiguration section */
		BB792B4B1F96D8E000FFB7A4 /* Release */ = {
			isa = XCBuildConfiguration;
			baseConfigurationReference = 630EFB1129082CAE0002A1F5 /* mysh.xcconfig */;
			buildSettings = {
				CURRENT_PROJECT_VERSION = 415;
			};
			name = Release;
		};
		BB792B651F96D90D00FFB7A4 /* Release */ = {
			isa = XCBuildConfiguration;
			buildSettings = {
				CLANG_ENABLE_MODULES = YES;
				LD_RUNPATH_SEARCH_PATHS = "$(inherited) @executable_path/Frameworks";
				LIBRARY_SEARCH_PATHS = (
					"$(inherited)",
					"$(PROJECT_DIR)/myresource",
				);
				SWIFT_OBJC_BRIDGING_HEADER = "app/iSH-Bridging-Header.h";
				SWIFT_VERSION = 5.0;
			};
			name = Release;
		};
/* End XCBuildConfiguration section */

/* Begin XCConfigurationList section */
		BB792B491F96D8E000FFB7A4 /* Build configuration list for PBXProject "iSH" */ = {
			isa = XCConfigurationList;
			buildConfigurations = (
				BB792B4B1F96D8E000FFB7A4 /* Release */,
			);
			defaultConfigurationIsVisible = 0;
			defaultConfigurationName = Release;
		};
		BB792B661F96D90D00FFB7A4 /* Build configuration list for PBXNativeTarget "iSH" */ = {
			isa = XCConfigurationList;
			buildConfigurations = (
				BB792B651F96D90D00FFB7A4 /* Release */,
			);
			defaultConfigurationIsVisible = 0;
			defaultConfigurationName = Release;
		};
/* End XCConfigurationList section */
	};
	rootObject = BB792B461F96D8E000FFB7A4 /* Project object */;
}
