// !$*UTF8*$!
{
	archiveVersion = 1;
	classes = {
	};
	objectVersion = 47;
	objects = {

/* Begin PBXBuildFile section */
		63021CA02902D6020001E3E0 /* libarchive.a in Frameworks */ = {isa = PBXBuildFile; fileRef = 63021C9F2902D6020001E3E0 /* libarchive.a */; };
		63021CA42902D6790001E3E0 /* libish_emu.a in Frameworks */ = {isa = PBXBuildFile; fileRef = 63021CA12902D6790001E3E0 /* libish_emu.a */; };
		63021CA52902D6790001E3E0 /* libish.a in Frameworks */ = {isa = PBXBuildFile; fileRef = 63021CA22902D6790001E3E0 /* libish.a */; };
		63021CA62902D6790001E3E0 /* libfakefs.a in Frameworks */ = {isa = PBXBuildFile; fileRef = 63021CA32902D6790001E3E0 /* libfakefs.a */; };
		632B84EA29068296006E182F /* AppDelegate.m in Sources */ = {isa = PBXBuildFile; fileRef = BB792B541F96D90D00FFB7A4 /* AppDelegate.m */; };
		632B84EB29068296006E182F /* CurrentRoot.m in Sources */ = {isa = PBXBuildFile; fileRef = BB565EA32734F1FB00C93EAE /* CurrentRoot.m */; };
		632B84EC29068296006E182F /* SceneDelegate.m in Sources */ = {isa = PBXBuildFile; fileRef = BBCC9D952365430800424C83 /* SceneDelegate.m */; };
		632B84ED29068296006E182F /* TerminalViewController.m in Sources */ = {isa = PBXBuildFile; fileRef = BB792B571F96D90D00FFB7A4 /* TerminalViewController.m */; };
		632B84EE29068296006E182F /* TerminalView.m in Sources */ = {isa = PBXBuildFile; fileRef = BB78AB2A1FAD22440013E782 /* TerminalView.m */; };
		632B84EF29068296006E182F /* Terminal.m in Sources */ = {isa = PBXBuildFile; fileRef = BB0FC5911F980A6B00803272 /* Terminal.m */; };
		632B84F029068296006E182F /* ScrollbarView.m in Sources */ = {isa = PBXBuildFile; fileRef = BB23F58C231E1D1400585522 /* ScrollbarView.m */; };
		632B84F129068296006E182F /* DelayedUITask.m in Sources */ = {isa = PBXBuildFile; fileRef = BB455E101FB37F6600AFB48B /* DelayedUITask.m */; };
		632B84F229068296006E182F /* PasteboardDevice.m in Sources */ = {isa = PBXBuildFile; fileRef = 650B337322EA235C00B4C03E /* PasteboardDevice.m */; };
		632B84F329068296006E182F /* LocationDevice.m in Sources */ = {isa = PBXBuildFile; fileRef = BB235533235D488400139E00 /* LocationDevice.m */; };
		632B84F529068296006E182F /* Roots.m in Sources */ = {isa = PBXBuildFile; fileRef = BB10E5CD248DBE66009C7A74 /* Roots.m */; };
		632B84F629068296006E182F /* main.m in Sources */ = {isa = PBXBuildFile; fileRef = BB792B621F96D90D00FFB7A4 /* main.m */; };
		632B84F7290682A7006E182F /* fakefs.c in Sources */ = {isa = PBXBuildFile; fileRef = BB10E5C2248DBA7B009C7A74 /* fakefs.c */; };
		BB235537235D49B300139E00 /* CoreLocation.framework in Frameworks */ = {isa = PBXBuildFile; fileRef = BB235536235D49B300139E00 /* CoreLocation.framework */; };
		BB6DB261216435340047A611 /* libiconv.tbd in Frameworks */ = {isa = PBXBuildFile; fileRef = BB6DB260216435330047A611 /* libiconv.tbd */; };
		BBA8E2C1236FF5EA00515F76 /* SystemConfiguration.framework in Frameworks */ = {isa = PBXBuildFile; fileRef = BBA8E2C0236FF5EA00515F76 /* SystemConfiguration.framework */; };
		BBAEE339249B58E80069EBB5 /* libbz2.tbd in Frameworks */ = {isa = PBXBuildFile; fileRef = BBAEE338249B58E80069EBB5 /* libbz2.tbd */; };
		BBFB55662158644C00DFE6DE /* libresolv.tbd in Frameworks */ = {isa = PBXBuildFile; fileRef = BBFB55652158644C00DFE6DE /* libresolv.tbd */; };
/* End PBXBuildFile section */

/* Begin PBXFileReference section */
		63021C9F2902D6020001E3E0 /* libarchive.a */ = {isa = PBXFileReference; lastKnownFileType = archive.ar; name = libarchive.a; path = myresource/libarchive.a; sourceTree = "<group>"; };
		63021CA12902D6790001E3E0 /* libish_emu.a */ = {isa = PBXFileReference; lastKnownFileType = archive.ar; name = libish_emu.a; path = myresource/libish_emu.a; sourceTree = "<group>"; };
		63021CA22902D6790001E3E0 /* libish.a */ = {isa = PBXFileReference; lastKnownFileType = archive.ar; name = libish.a; path = myresource/libish.a; sourceTree = "<group>"; };
		63021CA32902D6790001E3E0 /* libfakefs.a */ = {isa = PBXFileReference; lastKnownFileType = archive.ar; name = libfakefs.a; path = myresource/libfakefs.a; sourceTree = "<group>"; };
		650B337222EA235C00B4C03E /* PasteboardDevice.h */ = {isa = PBXFileReference; fileEncoding = 4; lastKnownFileType = sourcecode.c.h; path = PasteboardDevice.h; sourceTree = "<group>"; };
		650B337322EA235C00B4C03E /* PasteboardDevice.m */ = {isa = PBXFileReference; fileEncoding = 4; lastKnownFileType = sourcecode.c.objc; path = PasteboardDevice.m; sourceTree = "<group>"; };
		BB0B85A52586F1E100208600 /* ProjectRelease.xcconfig */ = {isa = PBXFileReference; lastKnownFileType = text.xcconfig; path = ProjectRelease.xcconfig; sourceTree = "<group>"; };
		BB0FC5901F980A6B00803272 /* Terminal.h */ = {isa = PBXFileReference; lastKnownFileType = sourcecode.c.h; path = Terminal.h; sourceTree = "<group>"; };
		BB0FC5911F980A6B00803272 /* Terminal.m */ = {isa = PBXFileReference; lastKnownFileType = sourcecode.c.objc; path = Terminal.m; sourceTree = "<group>"; };
		BB10E5C2248DBA7B009C7A74 /* fakefs.c */ = {isa = PBXFileReference; fileEncoding = 4; lastKnownFileType = sourcecode.c.c; name = fakefs.c; path = app/fakefs.c; sourceTree = SOURCE_ROOT; };
		BB10E5CC248DBE66009C7A74 /* Roots.h */ = {isa = PBXFileReference; lastKnownFileType = sourcecode.c.h; path = Roots.h; sourceTree = "<group>"; };
		BB10E5CD248DBE66009C7A74 /* Roots.m */ = {isa = PBXFileReference; lastKnownFileType = sourcecode.c.objc; path = Roots.m; sourceTree = "<group>"; };
		BB235533235D488400139E00 /* LocationDevice.m */ = {isa = PBXFileReference; lastKnownFileType = sourcecode.c.objc; path = LocationDevice.m; sourceTree = "<group>"; };
		BB235535235D489400139E00 /* LocationDevice.h */ = {isa = PBXFileReference; lastKnownFileType = sourcecode.c.h; path = LocationDevice.h; sourceTree = "<group>"; };
		BB235536235D49B300139E00 /* CoreLocation.framework */ = {isa = PBXFileReference; lastKnownFileType = wrapper.framework; name = CoreLocation.framework; path = System/Library/Frameworks/CoreLocation.framework; sourceTree = SDKROOT; };
		BB23F58B231E1D1400585522 /* ScrollbarView.h */ = {isa = PBXFileReference; lastKnownFileType = sourcecode.c.h; path = ScrollbarView.h; sourceTree = "<group>"; };
		BB23F58C231E1D1400585522 /* ScrollbarView.m */ = {isa = PBXFileReference; lastKnownFileType = sourcecode.c.objc; path = ScrollbarView.m; sourceTree = "<group>"; };
		BB28C755268956C900BDC834 /* Foundation.framework */ = {isa = PBXFileReference; lastKnownFileType = wrapper.framework; name = Foundation.framework; path = Platforms/iPhoneOS.platform/Developer/SDKs/iPhoneOS15.0.sdk/System/Library/Frameworks/Foundation.framework; sourceTree = DEVELOPER_DIR; };
		BB455E0F1FB37F6600AFB48B /* DelayedUITask.h */ = {isa = PBXFileReference; lastKnownFileType = sourcecode.c.h; path = DelayedUITask.h; sourceTree = "<group>"; };
		BB455E101FB37F6600AFB48B /* DelayedUITask.m */ = {isa = PBXFileReference; lastKnownFileType = sourcecode.c.objc; path = DelayedUITask.m; sourceTree = "<group>"; };
		BB565EA32734F1FB00C93EAE /* CurrentRoot.m */ = {isa = PBXFileReference; lastKnownFileType = sourcecode.c.objc; path = CurrentRoot.m; sourceTree = "<group>"; };
		BB565EA52734F22D00C93EAE /* CurrentRoot.h */ = {isa = PBXFileReference; lastKnownFileType = sourcecode.c.h; path = CurrentRoot.h; sourceTree = "<group>"; };
		BB6DB260216435330047A611 /* libiconv.tbd */ = {isa = PBXFileReference; lastKnownFileType = "sourcecode.text-based-dylib-definition"; name = libiconv.tbd; path = usr/lib/libiconv.tbd; sourceTree = SDKROOT; };
		BB78AB291FAD22440013E782 /* TerminalView.h */ = {isa = PBXFileReference; lastKnownFileType = sourcecode.c.h; path = TerminalView.h; sourceTree = "<group>"; };
		BB78AB2A1FAD22440013E782 /* TerminalView.m */ = {isa = PBXFileReference; lastKnownFileType = sourcecode.c.objc; path = TerminalView.m; sourceTree = "<group>"; };
		BB792B501F96D90D00FFB7A4 /* iSH.app */ = {isa = PBXFileReference; explicitFileType = wrapper.application; includeInIndex = 0; path = iSH.app; sourceTree = BUILT_PRODUCTS_DIR; };
		BB792B531F96D90D00FFB7A4 /* AppDelegate.h */ = {isa = PBXFileReference; lastKnownFileType = sourcecode.c.h; path = AppDelegate.h; sourceTree = "<group>"; };
		BB792B541F96D90D00FFB7A4 /* AppDelegate.m */ = {isa = PBXFileReference; lastKnownFileType = sourcecode.c.objc; path = AppDelegate.m; sourceTree = "<group>"; };
		BB792B561F96D90D00FFB7A4 /* TerminalViewController.h */ = {isa = PBXFileReference; lastKnownFileType = sourcecode.c.h; path = TerminalViewController.h; sourceTree = "<group>"; };
		BB792B571F96D90D00FFB7A4 /* TerminalViewController.m */ = {isa = PBXFileReference; lastKnownFileType = sourcecode.c.objc; path = TerminalViewController.m; sourceTree = "<group>"; };
		BB792B611F96D90D00FFB7A4 /* Info.plist */ = {isa = PBXFileReference; lastKnownFileType = text.plist.xml; path = Info.plist; sourceTree = "<group>"; };
		BB792B621F96D90D00FFB7A4 /* main.m */ = {isa = PBXFileReference; lastKnownFileType = sourcecode.c.objc; path = main.m; sourceTree = "<group>"; };
		BBA8E2C0236FF5EA00515F76 /* SystemConfiguration.framework */ = {isa = PBXFileReference; lastKnownFileType = wrapper.framework; name = SystemConfiguration.framework; path = System/Library/Frameworks/SystemConfiguration.framework; sourceTree = SDKROOT; };
		BBAEE338249B58E80069EBB5 /* libbz2.tbd */ = {isa = PBXFileReference; lastKnownFileType = "sourcecode.text-based-dylib-definition"; name = libbz2.tbd; path = usr/lib/libbz2.tbd; sourceTree = SDKROOT; };
		BBCC9D942365430800424C83 /* SceneDelegate.h */ = {isa = PBXFileReference; lastKnownFileType = sourcecode.c.h; path = SceneDelegate.h; sourceTree = "<group>"; };
		BBCC9D952365430800424C83 /* SceneDelegate.m */ = {isa = PBXFileReference; lastKnownFileType = sourcecode.c.objc; path = SceneDelegate.m; sourceTree = "<group>"; };
		BBFB55652158644C00DFE6DE /* libresolv.tbd */ = {isa = PBXFileReference; lastKnownFileType = "sourcecode.text-based-dylib-definition"; name = libresolv.tbd; path = usr/lib/libresolv.tbd; sourceTree = SDKROOT; };
/* End PBXFileReference section */

/* Begin PBXFrameworksBuildPhase section */
		BB792B4D1F96D90D00FFB7A4 /* Frameworks */ = {
			isa = PBXFrameworksBuildPhase;
			buildActionMask = 2147483647;
			files = (
				63021CA42902D6790001E3E0 /* libish_emu.a in Frameworks */,
				63021CA52902D6790001E3E0 /* libish.a in Frameworks */,
				63021CA62902D6790001E3E0 /* libfakefs.a in Frameworks */,
				63021CA02902D6020001E3E0 /* libarchive.a in Frameworks */,
				BB235537235D49B300139E00 /* CoreLocation.framework in Frameworks */,
				BBA8E2C1236FF5EA00515F76 /* SystemConfiguration.framework in Frameworks */,
				BBAEE339249B58E80069EBB5 /* libbz2.tbd in Frameworks */,
				BB6DB261216435340047A611 /* libiconv.tbd in Frameworks */,
				BBFB55662158644C00DFE6DE /* libresolv.tbd in Frameworks */,
			);
			runOnlyForDeploymentPostprocessing = 0;
		};
/* End PBXFrameworksBuildPhase section */

/* Begin PBXGroup section */
		BB792B451F96D8E000FFB7A4 = {
			isa = PBXGroup;
			children = (
				BB792B521F96D90D00FFB7A4 /* app */,
				BB792B511F96D90D00FFB7A4 /* Products */,
				BB792B7D1F96E32B00FFB7A4 /* Frameworks */,
			);
			sourceTree = "<group>";
			usesTabs = 0;
		};
		BB792B511F96D90D00FFB7A4 /* Products */ = {
			isa = PBXGroup;
			children = (
				BB792B501F96D90D00FFB7A4 /* iSH.app */,
			);
			name = Products;
			sourceTree = "<group>";
		};
		BB792B521F96D90D00FFB7A4 /* app */ = {
			isa = PBXGroup;
			children = (
				BB792B531F96D90D00FFB7A4 /* AppDelegate.h */,
				BB792B541F96D90D00FFB7A4 /* AppDelegate.m */,
				BB565EA52734F22D00C93EAE /* CurrentRoot.h */,
				BB565EA32734F1FB00C93EAE /* CurrentRoot.m */,
				BBCC9D942365430800424C83 /* SceneDelegate.h */,
				BBCC9D952365430800424C83 /* SceneDelegate.m */,
				BB792B561F96D90D00FFB7A4 /* TerminalViewController.h */,
				BB792B571F96D90D00FFB7A4 /* TerminalViewController.m */,
				BB78AB291FAD22440013E782 /* TerminalView.h */,
				BB78AB2A1FAD22440013E782 /* TerminalView.m */,
				BB0FC5901F980A6B00803272 /* Terminal.h */,
				BB0FC5911F980A6B00803272 /* Terminal.m */,
				BB23F58B231E1D1400585522 /* ScrollbarView.h */,
				BB23F58C231E1D1400585522 /* ScrollbarView.m */,
				BB455E0F1FB37F6600AFB48B /* DelayedUITask.h */,
				BB455E101FB37F6600AFB48B /* DelayedUITask.m */,
				650B337222EA235C00B4C03E /* PasteboardDevice.h */,
				650B337322EA235C00B4C03E /* PasteboardDevice.m */,
				BB235535235D489400139E00 /* LocationDevice.h */,
				BB235533235D488400139E00 /* LocationDevice.m */,
				BB10E5CC248DBE66009C7A74 /* Roots.h */,
				BB10E5CD248DBE66009C7A74 /* Roots.m */,
				BB10E5C2248DBA7B009C7A74 /* fakefs.c */,
				BB792B611F96D90D00FFB7A4 /* Info.plist */,
				BB792B621F96D90D00FFB7A4 /* main.m */,
				BB0B85A52586F1E100208600 /* ProjectRelease.xcconfig */,
			);
			path = app;
			sourceTree = "<group>";
		};
		BB792B7D1F96E32B00FFB7A4 /* Frameworks */ = {
			isa = PBXGroup;
			children = (
				63021CA32902D6790001E3E0 /* libfakefs.a */,
				63021CA12902D6790001E3E0 /* libish_emu.a */,
				63021CA22902D6790001E3E0 /* libish.a */,
				63021C9F2902D6020001E3E0 /* libarchive.a */,
				BB28C755268956C900BDC834 /* Foundation.framework */,
				BBAEE338249B58E80069EBB5 /* libbz2.tbd */,
				BBA8E2C0236FF5EA00515F76 /* SystemConfiguration.framework */,
				BB235536235D49B300139E00 /* CoreLocation.framework */,
				BB6DB260216435330047A611 /* libiconv.tbd */,
				BBFB55652158644C00DFE6DE /* libresolv.tbd */,
			);
			name = Frameworks;
			sourceTree = "<group>";
		};
/* End PBXGroup section */

/* Begin PBXNativeTarget section */
		BB792B4F1F96D90D00FFB7A4 /* iSH */ = {
			isa = PBXNativeTarget;
			buildConfigurationList = BB792B661F96D90D00FFB7A4 /* Build configuration list for PBXNativeTarget "iSH" */;
			buildPhases = (
				BB21A17826890A5B00BD19B4 /* Sources */,
				BB792B4D1F96D90D00FFB7A4 /* Frameworks */,
			);
			buildRules = (
			);
			dependencies = (
			);
			name = iSH;
			productName = iSH;
			productReference = BB792B501F96D90D00FFB7A4 /* iSH.app */;
			productType = "com.apple.product-type.application";
		};
/* End PBXNativeTarget section */

/* Begin PBXProject section */
		BB792B461F96D8E000FFB7A4 /* Project object */ = {
			isa = PBXProject;
			attributes = {
				CLASSPREFIX = "";
				LastUpgradeCheck = 1330;
				TargetAttributes = {
					BB792B4F1F96D90D00FFB7A4 = {
						CreatedOnToolsVersion = 9.0;
						ProvisioningStyle = Automatic;
						SystemCapabilities = {
							com.apple.ApplicationGroups.iOS = {
								enabled = 1;
							};
						};
					};
				};
			};
			buildConfigurationList = BB792B491F96D8E000FFB7A4 /* Build configuration list for PBXProject "iSH" */;
			compatibilityVersion = "Xcode 6.3";
			developmentRegion = en;
			hasScannedForEncodings = 0;
			knownRegions = (
				en,
				Base,
			);
			mainGroup = BB792B451F96D8E000FFB7A4;
			productRefGroup = BB792B511F96D90D00FFB7A4 /* Products */;
			projectDirPath = "";
			projectRoot = "";
			targets = (
				BB792B4F1F96D90D00FFB7A4 /* iSH */,
			);
		};
/* End PBXProject section */

/* Begin PBXSourcesBuildPhase section */
		BB21A17826890A5B00BD19B4 /* Sources */ = {
			isa = PBXSourcesBuildPhase;
			buildActionMask = 2147483647;
			files = (
				632B84F7290682A7006E182F /* fakefs.c in Sources */,
				632B84EA29068296006E182F /* AppDelegate.m in Sources */,
				632B84EB29068296006E182F /* CurrentRoot.m in Sources */,
				632B84EC29068296006E182F /* SceneDelegate.m in Sources */,
				632B84ED29068296006E182F /* TerminalViewController.m in Sources */,
				632B84EE29068296006E182F /* TerminalView.m in Sources */,
				632B84EF29068296006E182F /* Terminal.m in Sources */,
				632B84F029068296006E182F /* ScrollbarView.m in Sources */,
				632B84F129068296006E182F /* DelayedUITask.m in Sources */,
				632B84F229068296006E182F /* PasteboardDevice.m in Sources */,
				632B84F329068296006E182F /* LocationDevice.m in Sources */,
				632B84F529068296006E182F /* Roots.m in Sources */,
				632B84F629068296006E182F /* main.m in Sources */,
			);
			runOnlyForDeploymentPostprocessing = 0;
		};
/* End PBXSourcesBuildPhase section */

/* Begin XCBuildConfiguration section */
		BB792B4B1F96D8E000FFB7A4 /* Release */ = {
			isa = XCBuildConfiguration;
			baseConfigurationReference = BB0B85A52586F1E100208600 /* ProjectRelease.xcconfig */;
			buildSettings = {
				CURRENT_PROJECT_VERSION = 415;
				HEADER_SEARCH_PATHS = (
					"$(inherited)",
					"$(SRCROOT)",
					"$(SRCROOT)/mycode",
					"$(SRCROOT)/mycode/libarchive",
				);
			};
			name = Release;
		};
		BB792B651F96D90D00FFB7A4 /* Release */ = {
			isa = XCBuildConfiguration;
			buildSettings = {
				LIBRARY_SEARCH_PATHS = (
					"$(inherited)",
					"$(PROJECT_DIR)/myresource",
				);
			};
			name = Release;
		};
/* End XCBuildConfiguration section */

/* Begin XCConfigurationList section */
		BB792B491F96D8E000FFB7A4 /* Build configuration list for PBXProject "iSH" */ = {
			isa = XCConfigurationList;
			buildConfigurations = (
				BB792B4B1F96D8E000FFB7A4 /* Release */,
			);
			defaultConfigurationIsVisible = 0;
			defaultConfigurationName = Release;
		};
		BB792B661F96D90D00FFB7A4 /* Build configuration list for PBXNativeTarget "iSH" */ = {
			isa = XCConfigurationList;
			buildConfigurations = (
				BB792B651F96D90D00FFB7A4 /* Release */,
			);
			defaultConfigurationIsVisible = 0;
			defaultConfigurationName = Release;
		};
/* End XCConfigurationList section */
	};
	rootObject = BB792B461F96D8E000FFB7A4 /* Project object */;
}
